{
  "version": 4,
  "terraform_version": "0.12.23",
  "serial": 530,
  "lineage": "a1e3c4b8-1193-596e-4061-d164b2ef1c72",
  "outputs": {
    "ALB_app1_pip": {
      "value": "168.61.179.5",
      "type": "string"
    },
    "ext_subnet_gw": {
      "value": "10.90.2.1",
      "type": "string"
    },
    "f5vm01_ext_private_ip": {
      "value": "10.90.2.4",
      "type": "string"
    },
    "f5vm01_id": {
      "value": "/subscriptions/133b4595-a6bb-4ed1-a855-0732599eec71/resourceGroups/poc_rg/providers/Microsoft.Compute/virtualMachines/poc-f5vm01",
      "type": "string"
    },
    "f5vm01_mgmt_private_ip": {
      "value": "10.90.1.4",
      "type": "string"
    },
    "f5vm01_mgmt_public_ip": {
      "value": "104.43.140.44",
      "type": "string"
    },
    "f5vm02_ext_private_ip": {
      "value": "10.90.2.5",
      "type": "string"
    },
    "f5vm02_id": {
      "value": "/subscriptions/133b4595-a6bb-4ed1-a855-0732599eec71/resourceGroups/poc_rg/providers/Microsoft.Compute/virtualMachines/poc-f5vm02",
      "type": "string"
    },
    "f5vm02_mgmt_private_ip": {
      "value": "10.90.1.5",
      "type": "string"
    },
    "f5vm02_mgmt_public_ip": {
      "value": "168.61.153.193",
      "type": "string"
    },
    "jumpbox_ip": {
      "value": [
        "13.86.127.135"
      ],
      "type": [
        "tuple",
        [
          "string"
        ]
      ]
    },
    "mgmt_subnet_gw": {
      "value": "10.90.1.1",
      "type": "string"
    },
    "sg_id": {
      "value": "/subscriptions/133b4595-a6bb-4ed1-a855-0732599eec71/resourceGroups/poc_rg/providers/Microsoft.Network/networkSecurityGroups/poc-nsg",
      "type": "string"
    },
    "sg_name": {
      "value": "poc-nsg",
      "type": "string"
    }
  },
  "resources": [
    {
      "mode": "data",
      "type": "azurerm_public_ip",
      "name": "lbpip",
      "provider": "provider.azurerm",
      "instances": [
        {
          "schema_version": 0,
          "attributes": {
            "allocation_method": "Dynamic",
            "domain_name_label": "poclbpip",
            "fqdn": "poclbpip.centralus.cloudapp.azure.com",
            "id": "/subscriptions/133b4595-a6bb-4ed1-a855-0732599eec71/resourceGroups/poc_rg/providers/Microsoft.Network/publicIPAddresses/poc-lb-pip",
            "idle_timeout_in_minutes": 4,
            "ip_address": "168.61.179.5",
            "ip_version": "IPv4",
            "location": "centralus",
            "name": "poc-lb-pip",
            "resource_group_name": "poc_rg",
            "reverse_fqdn": "",
            "sku": "Basic",
            "tags": {},
            "timeouts": null,
            "zones": []
          }
        }
      ]
    },
    {
      "mode": "data",
      "type": "azurerm_public_ip",
      "name": "vm01mgmtpip",
      "provider": "provider.azurerm",
      "instances": [
        {
          "schema_version": 0,
          "attributes": {
            "allocation_method": "Dynamic",
            "domain_name_label": "",
            "fqdn": "",
            "id": "/subscriptions/133b4595-a6bb-4ed1-a855-0732599eec71/resourceGroups/poc_rg/providers/Microsoft.Network/publicIPAddresses/poc-vm01-mgmt-pip",
            "idle_timeout_in_minutes": 4,
            "ip_address": "104.43.140.44",
            "ip_version": "IPv4",
            "location": "centralus",
            "name": "poc-vm01-mgmt-pip",
            "resource_group_name": "poc_rg",
            "reverse_fqdn": "",
            "sku": "Basic",
            "tags": {
              "Name": "f5env-vm01-mgmt-public-ip",
              "application": "f5app",
              "costcenter": "f5costcenter",
              "environment": "f5env",
              "group": "f5group",
              "owner": "f5owner"
            },
            "timeouts": null,
            "zones": []
          }
        }
      ]
    },
    {
      "mode": "data",
      "type": "azurerm_public_ip",
      "name": "vm02mgmtpip",
      "provider": "provider.azurerm",
      "instances": [
        {
          "schema_version": 0,
          "attributes": {
            "allocation_method": "Dynamic",
            "domain_name_label": "",
            "fqdn": "",
            "id": "/subscriptions/133b4595-a6bb-4ed1-a855-0732599eec71/resourceGroups/poc_rg/providers/Microsoft.Network/publicIPAddresses/poc-vm02-mgmt-pip",
            "idle_timeout_in_minutes": 4,
            "ip_address": "168.61.153.193",
            "ip_version": "IPv4",
            "location": "centralus",
            "name": "poc-vm02-mgmt-pip",
            "resource_group_name": "poc_rg",
            "reverse_fqdn": "",
            "sku": "Basic",
            "tags": {
              "Name": "f5env-vm02-mgmt-public-ip",
              "application": "f5app",
              "costcenter": "f5costcenter",
              "environment": "f5env",
              "group": "f5group",
              "owner": "f5owner"
            },
            "timeouts": null,
            "zones": []
          }
        }
      ]
    },
    {
      "mode": "data",
      "type": "template_file",
      "name": "as3_json",
      "provider": "provider.template",
      "instances": [
        {
          "schema_version": 0,
          "attributes": {
            "filename": null,
            "id": "68d8a95ac75cb8099b21856918f4908b8ea363c06deeaef2ea0bd7377077a865",
            "rendered": "{\n  \"class\": \"AS3\",\n  \"action\": \"deploy\",\n  \"persist\": true,\n  \"declaration\": {\n    \"class\": \"ADC\",\n    \"schemaVersion\": \"3.0.0\",\n    \"id\": \"123abc\",\n    \"label\": \"Sample 1\",\n    \"remark\": \"HTTPS with predictive-node pool\",\n    \"Sample_01\": {\n      \"class\": \"Tenant\",\n      \"Shared\": {\n        \"class\":\"Application\",\n        \"template\":\"shared\",\n        \"serviceAddress\": {\n          \"class\":\"Service_Address\",\n          \"virtualAddress\":\"0.0.0.0\"}\n      },\n      \"A1\": {\n        \"class\": \"Application\",\n        \"template\": \"https\",\n        \"serviceMain\": {\n          \"class\": \"Service_HTTPS\",\n          \"virtualPort\": 8443,\n          \"virtualAddresses\": [{\n\t    \"use\":\"/Sample_01/Shared/serviceAddress\"\n\t  }],\n          \"pool\": \"web_pool\",\n          \"serverTLS\": \"webtls\"\n        },\n        \"web_pool\": {\n          \"class\": \"Pool\",\n          \"loadBalancingMode\": \"predictive-node\",\n          \"members\": [{\n              \"servicePort\": 80,\n\t      \"addressDiscovery\": \"azure\",\n\t      \"updateInterval\": 10,\n\t      \"tagKey\": \"application\",\n\t      \"tagValue\": \"app1\",\n\t      \"addressRealm\": \"private\",\n\t      \"resourceGroup\": \"poc_rg\",\n\t      \"subscriptionId\": \"xxxxx\",\n              \"directoryId\": \"xxxxx\",\n              \"applicationId\": \"xxxxx\",\n              \"apiAccessKey\": \"xxxxx\",\n              \"credentialUpdate\": false\n\t  }]\n        },\n        \"webtls\": {\n          \"class\": \"TLS_Server\",\n          \"certificates\": [{\n            \"certificate\": \"webcert\"\n          }]\n        },\n        \"webcert\": {\n          \"class\": \"Certificate\",\n          \"remark\": \"in practice we recommend using a passphrase\",\n          \"certificate\": \"-----BEGIN CERTIFICATE-----\\nMIICnDCCAgWgAwIBAgIJAJ5n2b0OCEjwMA0GCSqGSIb3DQEBCwUAMGcxCzAJBgNVBAYTAlVTMRMwEQYDVQQIDApXYXNoaW5ndG9uMRAwDgYDVQQHDAdTZWF0dGxlMRQwEgYDVQQKDAtmNV9OZXR3b3JrczEbMBkGA1UEAwwSc2FtcGxlLmV4YW1wbGUubmV0MB4XDTE3MTEyNjE5NTAyNFoXDTE4MDIyNTE5NTAyNFowZzELMAkGA1UEBhMCVVMxEzARBgNVBAgMCldhc2hpbmd0b24xEDAOBgNVBAcMB1NlYXR0bGUxFDASBgNVBAoMC2Y1X05ldHdvcmtzMRswGQYDVQQDDBJzYW1wbGUuZXhhbXBsZS5uZXQwgZ8wDQYJKoZIhvcNAQEBBQADgY0AMIGJAoGBALEsuXmSXVQpYjrZPW+WiTBjn491mwZYT7Q92V1HlSBtM6WdWlK1aZN5sovfKtOX7Yrm8xa+e4o/zJ2QYLyyv5O+t2EGN/4qUEjEAPY9mwJdfzRQy6Hyzm84J0QkTuUJ/EjNuPji3D0QJRALUTzu1UqqDCEtiN9OGyXEkh7uvb7BAgMBAAGjUDBOMB0GA1UdDgQWBBSVHPNrGWrjWyZvckQxFYWO59FRFjAfBgNVHSMEGDAWgBSVHPNrGWrjWyZvckQxFYWO59FRFjAMBgNVHRMEBTADAQH/MA0GCSqGSIb3DQEBCwUAA4GBAJeJ9SEckEwPhkXOm+IuqfbUS/RcziifBCTmVyE+Fa/j9pKSYTgiEBNdbJeBEa+gPMlQtbV7Y2dy8TKx/8axVBHiXC5geDML7caxOrAyHYBpnx690xJTh5OIORBBM/a/NvaR+P3CoVebr/NPRh9oRNxnntnqvqD7SW0U3ZPe3tJc\\n-----END CERTIFICATE-----\",\n          \"privateKey\": \"-----BEGIN RSA PRIVATE KEY-----\\nProc-Type: 4,ENCRYPTED\\nDEK-Info: AES-256-CBC,D8FFCE6B255601587CB54EC29B737D31\\n\\nkv4Fc3Jn0Ujkj0yRjt+gQQfBLSNF2aRLUENXnlr7Xpzqu0Ahr3jS1bAAnd8IWnsR\\nyILqVmKsYF2DoHh0tWiEAQ7/y/fe5DTFhK7N4Wml6kp2yVMkP6KC4ssyYPw27kjK\\nDBwBZ5O8Ioej08A5sgsLCmglbmtSPHJUn14pQnMTmLOpEtOsu6S+2ibPgSNpdg0b\\nCAJNG/KHe+Vkx59qNDyDeKb7FZOlsX30+y67zUq9GQqJEDuysPJ2BUNP0IJXAjst\\nFIt1qNoZew+5KDYs7u/lPxcMGTirUhgI84Jy4WcDvSOsP/tKlxj04TbIE3epmSKy\\n+TihHkwY7ngIGtcm3Sfqk5jz2RXoj1/Ac3SW8kVTYaOUogBhn7zAq4Wju6Et4hQG\\nRGapsJp1aCeZ/a4RCDTxspcKoMaRa97/URQb0hBRGx3DGUhzpmX9zl7JI2Xa5D3R\\nmdBXtjLKYJTdIMdd27prBEKhMUpae2rz5Mw4J907wZeBq/wu+zp8LAnecfTe2nGY\\nE32x1U7gSEdYOGqnwxsOexb1jKgCa67Nw9TmcMPV8zmH7R9qdvgxAbAtwBl1F9OS\\nfcGaC7epf1AjJLtaX7krWmzgASHl28Ynh9lmGMdv+5QYMZvKG0LOg/n3m8uJ6sKy\\nIzzvaJswwn0j5P5+czyoV5CvvdCfKnNb+3jUEN8I0PPwjBGKr4B1ojwhogTM248V\\nHR69D6TxFVMfGpyJhCPkbGEGbpEpcffpgKuC/mEtMqyDQXJNaV5HO6HgAJ9F1P6v\\n5ehHHTMRvzCCFiwndHdlMXUjqSNjww6me6dr6LiAPbejdzhL2vWx1YqebOcwQx3G\\n-----END RSA PRIVATE KEY-----\",\n          \"passphrase\": {\n            \"ciphertext\": \"ZjVmNQ==\",\n            \"protected\": \"eyJhbGciOiJkaXIiLCJlbmMiOiJub25lIn0\"\n          }\n        }\n      }\n    }\n  }\n}\n\n",
            "template": "{\n  \"class\": \"AS3\",\n  \"action\": \"deploy\",\n  \"persist\": true,\n  \"declaration\": {\n    \"class\": \"ADC\",\n    \"schemaVersion\": \"3.0.0\",\n    \"id\": \"123abc\",\n    \"label\": \"Sample 1\",\n    \"remark\": \"HTTPS with predictive-node pool\",\n    \"Sample_01\": {\n      \"class\": \"Tenant\",\n      \"Shared\": {\n        \"class\":\"Application\",\n        \"template\":\"shared\",\n        \"serviceAddress\": {\n          \"class\":\"Service_Address\",\n          \"virtualAddress\":\"0.0.0.0\"}\n      },\n      \"A1\": {\n        \"class\": \"Application\",\n        \"template\": \"https\",\n        \"serviceMain\": {\n          \"class\": \"Service_HTTPS\",\n          \"virtualPort\": 8443,\n          \"virtualAddresses\": [{\n\t    \"use\":\"/Sample_01/Shared/serviceAddress\"\n\t  }],\n          \"pool\": \"web_pool\",\n          \"serverTLS\": \"webtls\"\n        },\n        \"web_pool\": {\n          \"class\": \"Pool\",\n          \"loadBalancingMode\": \"predictive-node\",\n          \"members\": [{\n              \"servicePort\": 80,\n\t      \"addressDiscovery\": \"azure\",\n\t      \"updateInterval\": 10,\n\t      \"tagKey\": \"application\",\n\t      \"tagValue\": \"app1\",\n\t      \"addressRealm\": \"private\",\n\t      \"resourceGroup\": \"${rg_name}\",\n\t      \"subscriptionId\": \"${subscription_id}\",\n              \"directoryId\": \"${tenant_id}\",\n              \"applicationId\": \"${client_id}\",\n              \"apiAccessKey\": \"${client_secret}\",\n              \"credentialUpdate\": false\n\t  }]\n        },\n        \"webtls\": {\n          \"class\": \"TLS_Server\",\n          \"certificates\": [{\n            \"certificate\": \"webcert\"\n          }]\n        },\n        \"webcert\": {\n          \"class\": \"Certificate\",\n          \"remark\": \"in practice we recommend using a passphrase\",\n          \"certificate\": \"-----BEGIN CERTIFICATE-----\\nMIICnDCCAgWgAwIBAgIJAJ5n2b0OCEjwMA0GCSqGSIb3DQEBCwUAMGcxCzAJBgNVBAYTAlVTMRMwEQYDVQQIDApXYXNoaW5ndG9uMRAwDgYDVQQHDAdTZWF0dGxlMRQwEgYDVQQKDAtmNV9OZXR3b3JrczEbMBkGA1UEAwwSc2FtcGxlLmV4YW1wbGUubmV0MB4XDTE3MTEyNjE5NTAyNFoXDTE4MDIyNTE5NTAyNFowZzELMAkGA1UEBhMCVVMxEzARBgNVBAgMCldhc2hpbmd0b24xEDAOBgNVBAcMB1NlYXR0bGUxFDASBgNVBAoMC2Y1X05ldHdvcmtzMRswGQYDVQQDDBJzYW1wbGUuZXhhbXBsZS5uZXQwgZ8wDQYJKoZIhvcNAQEBBQADgY0AMIGJAoGBALEsuXmSXVQpYjrZPW+WiTBjn491mwZYT7Q92V1HlSBtM6WdWlK1aZN5sovfKtOX7Yrm8xa+e4o/zJ2QYLyyv5O+t2EGN/4qUEjEAPY9mwJdfzRQy6Hyzm84J0QkTuUJ/EjNuPji3D0QJRALUTzu1UqqDCEtiN9OGyXEkh7uvb7BAgMBAAGjUDBOMB0GA1UdDgQWBBSVHPNrGWrjWyZvckQxFYWO59FRFjAfBgNVHSMEGDAWgBSVHPNrGWrjWyZvckQxFYWO59FRFjAMBgNVHRMEBTADAQH/MA0GCSqGSIb3DQEBCwUAA4GBAJeJ9SEckEwPhkXOm+IuqfbUS/RcziifBCTmVyE+Fa/j9pKSYTgiEBNdbJeBEa+gPMlQtbV7Y2dy8TKx/8axVBHiXC5geDML7caxOrAyHYBpnx690xJTh5OIORBBM/a/NvaR+P3CoVebr/NPRh9oRNxnntnqvqD7SW0U3ZPe3tJc\\n-----END CERTIFICATE-----\",\n          \"privateKey\": \"-----BEGIN RSA PRIVATE KEY-----\\nProc-Type: 4,ENCRYPTED\\nDEK-Info: AES-256-CBC,D8FFCE6B255601587CB54EC29B737D31\\n\\nkv4Fc3Jn0Ujkj0yRjt+gQQfBLSNF2aRLUENXnlr7Xpzqu0Ahr3jS1bAAnd8IWnsR\\nyILqVmKsYF2DoHh0tWiEAQ7/y/fe5DTFhK7N4Wml6kp2yVMkP6KC4ssyYPw27kjK\\nDBwBZ5O8Ioej08A5sgsLCmglbmtSPHJUn14pQnMTmLOpEtOsu6S+2ibPgSNpdg0b\\nCAJNG/KHe+Vkx59qNDyDeKb7FZOlsX30+y67zUq9GQqJEDuysPJ2BUNP0IJXAjst\\nFIt1qNoZew+5KDYs7u/lPxcMGTirUhgI84Jy4WcDvSOsP/tKlxj04TbIE3epmSKy\\n+TihHkwY7ngIGtcm3Sfqk5jz2RXoj1/Ac3SW8kVTYaOUogBhn7zAq4Wju6Et4hQG\\nRGapsJp1aCeZ/a4RCDTxspcKoMaRa97/URQb0hBRGx3DGUhzpmX9zl7JI2Xa5D3R\\nmdBXtjLKYJTdIMdd27prBEKhMUpae2rz5Mw4J907wZeBq/wu+zp8LAnecfTe2nGY\\nE32x1U7gSEdYOGqnwxsOexb1jKgCa67Nw9TmcMPV8zmH7R9qdvgxAbAtwBl1F9OS\\nfcGaC7epf1AjJLtaX7krWmzgASHl28Ynh9lmGMdv+5QYMZvKG0LOg/n3m8uJ6sKy\\nIzzvaJswwn0j5P5+czyoV5CvvdCfKnNb+3jUEN8I0PPwjBGKr4B1ojwhogTM248V\\nHR69D6TxFVMfGpyJhCPkbGEGbpEpcffpgKuC/mEtMqyDQXJNaV5HO6HgAJ9F1P6v\\n5ehHHTMRvzCCFiwndHdlMXUjqSNjww6me6dr6LiAPbejdzhL2vWx1YqebOcwQx3G\\n-----END RSA PRIVATE KEY-----\",\n          \"passphrase\": {\n            \"ciphertext\": \"ZjVmNQ==\",\n            \"protected\": \"eyJhbGciOiJkaXIiLCJlbmMiOiJub25lIn0\"\n          }\n        }\n      }\n    }\n  }\n}\n\n",
            "vars": {
              "client_id": "xxxxx",
              "client_secret": "xxxxx",
              "rg_name": "poc_rg",
              "subscription_id": "xxxxx",
              "tenant_id": "xxxxx"
            }
          }
        }
      ]
    },
    {
      "mode": "data",
      "type": "template_file",
      "name": "vm01_do_json",
      "provider": "provider.template",
      "instances": [
        {
          "schema_version": 0,
          "attributes": {
            "filename": null,
            "id": "0f849fbdc475b0c440dbfccdd1ece9fb66ad1bb1462cbd1ac31f2752fbf7a727",
            "rendered": "{\n    \"schemaVersion\": \"1.0.0\",\n    \"class\": \"Device\",\n    \"label\": \"Basic onboarding\",\n    \"Common\": {\n        \"class\": \"Tenant\",\n        \"hostname\": \"f5vm01.example.com\",\n        \"dbvars\": {\n            \"class\": \"DbVariables\",\n            \"ui.advisory.enabled\": true,\n            \"ui.advisory.color\": \"green\",\n            \"ui.advisory.text\": \"/Common/hostname\"\n        },\n        \"myDns\": {\n            \"class\": \"DNS\",\n            \"nameServers\": [\n                \"8.8.8.8\",\n                \"2001:4860:4860::8844\"\n            ],\n            \"search\": [\n                \"f5.com\"\n            ]\n        },\n        \"myNtp\": {\n            \"class\": \"NTP\",\n            \"servers\": [\n                \"0.us.pool.ntp.org\",\n                \"0.pool.ntp.org\",\n                \"1.pool.ntp.org\"\n            ],\n            \"timezone\": \"UTC\"\n        },\n        \"myProvisioning\": {\n            \"class\": \"Provision\",\n            \"ltm\": \"nominal\"\n        },\n        \"external\": {\n            \"class\": \"VLAN\",\n            \"tag\": 4094,\n            \"mtu\": 1500,\n            \"interfaces\": [\n                {\n                    \"name\": \"1.1\",\n                    \"tagged\": false\n                }\n            ]\n        },\n        \"external-self\": {\n            \"class\": \"SelfIp\",\n            \"address\": \"10.90.2.4/24\",\n            \"vlan\": \"external\",\n            \"allowService\": \"default\",\n            \"trafficGroup\": \"traffic-group-local-only\"\n        },\n        \"default\": {\n            \"class\": \"Route\",\n            \"gw\": \"10.90.2.1\",\n            \"network\": \"default\",\n            \"mtu\": 1500\n        },\n        \"configsync\": {\n\t    \"class\": \"ConfigSync\",\n    \t    \"configsyncIp\": \"/Common/external-self/address\"\n\t},\n\t\"failoverAddress\": {\n    \t    \"class\": \"FailoverUnicast\",\n    \t    \"address\": \"/Common/external-self/address\"\n\t},\n\t\"failoverGroup\": {\n\t    \"class\": \"DeviceGroup\",\n\t    \"type\": \"sync-failover\",\n\t    \"members\": [\"f5vm01.example.com\", \"f5vm02.example.com\"],\n\t    \"owner\": \"/Common/failoverGroup/members/0\",\n\t    \"autoSync\": true,\n\t    \"saveOnAutoSync\": false,\n\t    \"networkFailover\": true,\n\t    \"fullLoadOnSync\": false,\n\t    \"asmSync\": false\n\t},\n\t\"trust\": {\n\t    \"class\": \"DeviceTrust\",\n\t    \"localUsername\": \"azureuser\",\n\t    \"localPassword\": \"superSecret!\",\n\t    \"remoteHost\": \"10.90.2.5\",\n\t    \"remoteUsername\": \"azureuser\",\n\t    \"remotePassword\": \"superSecret!\"\n\t}\n    }\n}\n",
            "template": "{\n    \"schemaVersion\": \"1.0.0\",\n    \"class\": \"Device\",\n    \"label\": \"Basic onboarding\",\n    \"Common\": {\n        \"class\": \"Tenant\",\n        \"hostname\": \"${local_host}.example.com\",\n        \"dbvars\": {\n            \"class\": \"DbVariables\",\n            \"ui.advisory.enabled\": true,\n            \"ui.advisory.color\": \"green\",\n            \"ui.advisory.text\": \"/Common/hostname\"\n        },\n        \"myDns\": {\n            \"class\": \"DNS\",\n            \"nameServers\": [\n                \"${dns_server}\",\n                \"2001:4860:4860::8844\"\n            ],\n            \"search\": [\n                \"f5.com\"\n            ]\n        },\n        \"myNtp\": {\n            \"class\": \"NTP\",\n            \"servers\": [\n                \"${ntp_server}\",\n                \"0.pool.ntp.org\",\n                \"1.pool.ntp.org\"\n            ],\n            \"timezone\": \"${timezone}\"\n        },\n        \"myProvisioning\": {\n            \"class\": \"Provision\",\n            \"ltm\": \"nominal\"\n        },\n        \"external\": {\n            \"class\": \"VLAN\",\n            \"tag\": 4094,\n            \"mtu\": 1500,\n            \"interfaces\": [\n                {\n                    \"name\": \"1.1\",\n                    \"tagged\": false\n                }\n            ]\n        },\n        \"external-self\": {\n            \"class\": \"SelfIp\",\n            \"address\": \"${local_selfip}/24\",\n            \"vlan\": \"external\",\n            \"allowService\": \"default\",\n            \"trafficGroup\": \"traffic-group-local-only\"\n        },\n        \"default\": {\n            \"class\": \"Route\",\n            \"gw\": \"${gateway}\",\n            \"network\": \"default\",\n            \"mtu\": 1500\n        },\n        \"configsync\": {\n\t    \"class\": \"ConfigSync\",\n    \t    \"configsyncIp\": \"/Common/external-self/address\"\n\t},\n\t\"failoverAddress\": {\n    \t    \"class\": \"FailoverUnicast\",\n    \t    \"address\": \"/Common/external-self/address\"\n\t},\n\t\"failoverGroup\": {\n\t    \"class\": \"DeviceGroup\",\n\t    \"type\": \"sync-failover\",\n\t    \"members\": [\"${host1}.example.com\", \"${host2}.example.com\"],\n\t    \"owner\": \"/Common/failoverGroup/members/0\",\n\t    \"autoSync\": true,\n\t    \"saveOnAutoSync\": false,\n\t    \"networkFailover\": true,\n\t    \"fullLoadOnSync\": false,\n\t    \"asmSync\": false\n\t},\n\t\"trust\": {\n\t    \"class\": \"DeviceTrust\",\n\t    \"localUsername\": \"${admin_user}\",\n\t    \"localPassword\": \"${admin_password}\",\n\t    \"remoteHost\": \"${remote_selfip}\",\n\t    \"remoteUsername\": \"${admin_user}\",\n\t    \"remotePassword\": \"${admin_password}\"\n\t}\n    }\n}\n",
            "vars": {
              "admin_password": "superSecret!",
              "admin_user": "azureuser",
              "dns_server": "8.8.8.8",
              "gateway": "10.90.2.1",
              "host1": "f5vm01",
              "host2": "f5vm02",
              "local_host": "f5vm01",
              "local_selfip": "10.90.2.4",
              "ntp_server": "0.us.pool.ntp.org",
              "remote_host": "f5vm02",
              "remote_selfip": "10.90.2.5",
              "timezone": "UTC"
            }
          }
        }
      ]
    },
    {
      "mode": "data",
      "type": "template_file",
      "name": "vm02_do_json",
      "provider": "provider.template",
      "instances": [
        {
          "schema_version": 0,
          "attributes": {
            "filename": null,
            "id": "4191db29e9355e21048691a915a9e9cddc88acb607bd95135edaf74180aac18f",
            "rendered": "{\n    \"schemaVersion\": \"1.0.0\",\n    \"class\": \"Device\",\n    \"label\": \"Basic onboarding\",\n    \"Common\": {\n        \"class\": \"Tenant\",\n        \"hostname\": \"f5vm02.example.com\",\n        \"dbvars\": {\n            \"class\": \"DbVariables\",\n            \"ui.advisory.enabled\": true,\n            \"ui.advisory.color\": \"green\",\n            \"ui.advisory.text\": \"/Common/hostname\"\n        },\n        \"myDns\": {\n            \"class\": \"DNS\",\n            \"nameServers\": [\n                \"8.8.8.8\",\n                \"2001:4860:4860::8844\"\n            ],\n            \"search\": [\n                \"f5.com\"\n            ]\n        },\n        \"myNtp\": {\n            \"class\": \"NTP\",\n            \"servers\": [\n                \"0.us.pool.ntp.org\",\n                \"0.pool.ntp.org\",\n                \"1.pool.ntp.org\"\n            ],\n            \"timezone\": \"UTC\"\n        },\n        \"myProvisioning\": {\n            \"class\": \"Provision\",\n            \"ltm\": \"nominal\"\n        },\n        \"external\": {\n            \"class\": \"VLAN\",\n            \"tag\": 4094,\n            \"mtu\": 1500,\n            \"interfaces\": [\n                {\n                    \"name\": \"1.1\",\n                    \"tagged\": false\n                }\n            ]\n        },\n        \"external-self\": {\n            \"class\": \"SelfIp\",\n            \"address\": \"10.90.2.5/24\",\n            \"vlan\": \"external\",\n            \"allowService\": \"default\",\n            \"trafficGroup\": \"traffic-group-local-only\"\n        },\n        \"default\": {\n            \"class\": \"Route\",\n            \"gw\": \"10.90.2.1\",\n            \"network\": \"default\",\n            \"mtu\": 1500\n        },\n        \"configsync\": {\n\t    \"class\": \"ConfigSync\",\n    \t    \"configsyncIp\": \"/Common/external-self/address\"\n\t},\n\t\"failoverAddress\": {\n    \t    \"class\": \"FailoverUnicast\",\n    \t    \"address\": \"/Common/external-self/address\"\n\t},\n\t\"failoverGroup\": {\n\t    \"class\": \"DeviceGroup\",\n\t    \"type\": \"sync-failover\",\n\t    \"members\": [\"f5vm01.example.com\", \"f5vm02.example.com\"],\n\t    \"owner\": \"/Common/failoverGroup/members/0\",\n\t    \"autoSync\": true,\n\t    \"saveOnAutoSync\": false,\n\t    \"networkFailover\": true,\n\t    \"fullLoadOnSync\": false,\n\t    \"asmSync\": false\n\t},\n\t\"trust\": {\n\t    \"class\": \"DeviceTrust\",\n\t    \"localUsername\": \"azureuser\",\n\t    \"localPassword\": \"superSecret!\",\n\t    \"remoteHost\": \"10.90.2.4\",\n\t    \"remoteUsername\": \"azureuser\",\n\t    \"remotePassword\": \"superSecret!\"\n\t}\n    }\n}\n",
            "template": "{\n    \"schemaVersion\": \"1.0.0\",\n    \"class\": \"Device\",\n    \"label\": \"Basic onboarding\",\n    \"Common\": {\n        \"class\": \"Tenant\",\n        \"hostname\": \"${local_host}.example.com\",\n        \"dbvars\": {\n            \"class\": \"DbVariables\",\n            \"ui.advisory.enabled\": true,\n            \"ui.advisory.color\": \"green\",\n            \"ui.advisory.text\": \"/Common/hostname\"\n        },\n        \"myDns\": {\n            \"class\": \"DNS\",\n            \"nameServers\": [\n                \"${dns_server}\",\n                \"2001:4860:4860::8844\"\n            ],\n            \"search\": [\n                \"f5.com\"\n            ]\n        },\n        \"myNtp\": {\n            \"class\": \"NTP\",\n            \"servers\": [\n                \"${ntp_server}\",\n                \"0.pool.ntp.org\",\n                \"1.pool.ntp.org\"\n            ],\n            \"timezone\": \"${timezone}\"\n        },\n        \"myProvisioning\": {\n            \"class\": \"Provision\",\n            \"ltm\": \"nominal\"\n        },\n        \"external\": {\n            \"class\": \"VLAN\",\n            \"tag\": 4094,\n            \"mtu\": 1500,\n            \"interfaces\": [\n                {\n                    \"name\": \"1.1\",\n                    \"tagged\": false\n                }\n            ]\n        },\n        \"external-self\": {\n            \"class\": \"SelfIp\",\n            \"address\": \"${local_selfip}/24\",\n            \"vlan\": \"external\",\n            \"allowService\": \"default\",\n            \"trafficGroup\": \"traffic-group-local-only\"\n        },\n        \"default\": {\n            \"class\": \"Route\",\n            \"gw\": \"${gateway}\",\n            \"network\": \"default\",\n            \"mtu\": 1500\n        },\n        \"configsync\": {\n\t    \"class\": \"ConfigSync\",\n    \t    \"configsyncIp\": \"/Common/external-self/address\"\n\t},\n\t\"failoverAddress\": {\n    \t    \"class\": \"FailoverUnicast\",\n    \t    \"address\": \"/Common/external-self/address\"\n\t},\n\t\"failoverGroup\": {\n\t    \"class\": \"DeviceGroup\",\n\t    \"type\": \"sync-failover\",\n\t    \"members\": [\"${host1}.example.com\", \"${host2}.example.com\"],\n\t    \"owner\": \"/Common/failoverGroup/members/0\",\n\t    \"autoSync\": true,\n\t    \"saveOnAutoSync\": false,\n\t    \"networkFailover\": true,\n\t    \"fullLoadOnSync\": false,\n\t    \"asmSync\": false\n\t},\n\t\"trust\": {\n\t    \"class\": \"DeviceTrust\",\n\t    \"localUsername\": \"${admin_user}\",\n\t    \"localPassword\": \"${admin_password}\",\n\t    \"remoteHost\": \"${remote_selfip}\",\n\t    \"remoteUsername\": \"${admin_user}\",\n\t    \"remotePassword\": \"${admin_password}\"\n\t}\n    }\n}\n",
            "vars": {
              "admin_password": "superSecret!",
              "admin_user": "azureuser",
              "dns_server": "8.8.8.8",
              "gateway": "10.90.2.1",
              "host1": "f5vm01",
              "host2": "f5vm02",
              "local_host": "f5vm02",
              "local_selfip": "10.90.2.5",
              "ntp_server": "0.us.pool.ntp.org",
              "remote_host": "f5vm01",
              "remote_selfip": "10.90.2.4",
              "timezone": "UTC"
            }
          }
        }
      ]
    },
    {
      "mode": "data",
      "type": "template_file",
      "name": "vm_onboard",
      "provider": "provider.template",
      "instances": [
        {
          "schema_version": 0,
          "attributes": {
            "filename": null,
            "id": "ac02813de4e08268c37839a75cffa5421d12b04f63626b9f4f3e664b561adb76",
            "rendered": "#!/bin/bash\n\n# Script must be non-blocking or run in the background.\nmkdir -p /config/cloud\n\ncat \u003c\u003c 'EOF' \u003e /config/cloud/startup-script.sh\n\n# BIG-IPS ONBOARD SCRIPT\n\n#LOG_FILE=/var/log/startup-script.log\n\n#if [ ! -e $LOG_FILE ]\n#then\n  #touch $LOG_FILE\n  #exec \u0026\u003e\u003e$LOG_FILE\n#else\n  #if file exists, exit as only want to run once\n  #exit\n#fi\n\n#exec 1\u003e$LOG_FILE 2\u003e\u00261\n\n# CHECK TO SEE NETWORK IS READY\nCNT=0\nwhile true\ndo\n  STATUS=$(curl -s -k -I example.com | grep HTTP)\n  if [[ $STATUS == *\"200\"* ]]; then\n    echo \"Got 200! VE is Ready!\"\n    break\n  elif [ $CNT -le 6 ]; then\n    echo \"Status code: $STATUS  Not done yet...\"\n    CNT=$[$CNT+1]\n  else\n    echo \"GIVE UP...\"\n    break\n  fi\n  sleep 10\ndone\n\n### DOWNLOAD ONBOARDING PKGS\n# Could be pre-packaged or hosted internally\n\nadmin_username='azureuser'\nadmin_password='superSecret!'\nCREDS=\"admin:\"$admin_password\nDO_URL='https://github.com/F5Networks/f5-declarative-onboarding/releases/download/v1.12.0/f5-declarative-onboarding-1.12.0-1.noarch.rpm'\nDO_FN=$(basename \"$DO_URL\")\nAS3_URL='https://github.com/F5Networks/f5-appsvcs-extension/releases/download/v3.19.0/f5-appsvcs-3.19.0-4.noarch.rpm'\nAS3_FN=$(basename \"$AS3_URL\")\nTS_URL='https://github.com/F5Networks/f5-telemetry-streaming/releases/download/v1.11.0/f5-telemetry-1.11.0-1.noarch.rpm'\nTS_FN=$(basename \"$TS_URL\")\n\nmkdir -p /config/cloud/azure/node_modules\n\necho -e \"\\n\"$(date) \"Download Declarative Onboarding Pkg\"\ncurl -L -o /config/cloud/azure/node_modules/$DO_FN $DO_URL\n\necho -e \"\\n\"$(date) \"Download AS3 Pkg\"\ncurl -L -o /config/cloud/azure/node_modules/$AS3_FN $AS3_URL\nsleep 20\n\necho -e \"\\n\"$(date) \"Download TS Pkg\"\ncurl -L -o /config/cloud/azure/node_modules/$TS_FN $TS_URL\nsleep 20\n\n# Copy the RPM Pkg to the file location\ncp /config/cloud/azure/node_modules/*.rpm /var/config/rest/downloads/\n\n# Install DO Pkg\nDATA=\"{\\\"operation\\\":\\\"INSTALL\\\",\\\"packageFilePath\\\":\\\"/var/config/rest/downloads/$DO_FN\\\"}\"\necho -e \"\\n\"$(date) \"Install DO Pkg\"\ncurl -u $CREDS -X POST http://localhost:8100/mgmt/shared/iapp/package-management-tasks -d $DATA\n\n# Install AS3 Pkg\nDATA=\"{\\\"operation\\\":\\\"INSTALL\\\",\\\"packageFilePath\\\":\\\"/var/config/rest/downloads/$AS3_FN\\\"}\"\necho -e \"\\n\"$(date) \"Install AS3 Pkg\"\ncurl -u $CREDS -X POST http://localhost:8100/mgmt/shared/iapp/package-management-tasks -d $DATA\n\n# Install TS Pkg\nDATA=\"{\\\"operation\\\":\\\"INSTALL\\\",\\\"packageFilePath\\\":\\\"/var/config/rest/downloads/$TS_FN\\\"}\"\necho -e \"\\n\"$(date) \"Install TS Pkg\"\ncurl -u $CREDS -X POST http://localhost:8100/mgmt/shared/iapp/package-management-tasks -d $DATA\n\n\n# Check DO Ready\nCNT=0\nwhile true\ndo\n  STATUS=$(curl -u $CREDS -X GET -s -k -I https://localhost/mgmt/shared/declarative-onboarding | grep HTTP)\n  if [[ $STATUS == *\"200\"* ]]; then\n    echo \"Got 200! Declarative Onboarding is Ready!\"\n    break\n  elif [ $CNT -le 6 ]; then\n    echo \"Status code: $STATUS  DO Not done yet...\"\n    CNT=$[$CNT+1]\n  else\n    echo \"GIVE UP...\"\n    break\n  fi\n  sleep 10\ndone\n\n\n# Check AS3 Ready\nCNT=0\nwhile true\ndo\n  STATUS=$(curl -u $CREDS -X GET -s -k -I https://localhost/mgmt/shared/appsvcs/info | grep HTTP)\n  if [[ $STATUS == *\"200\"* ]]; then\n    echo \"Got 200! AS3 is Ready!\"\n    break\n  elif [ $CNT -le 6 ]; then\n    echo \"Status code: $STATUS  AS3 Not done yet...\"\n    CNT=$[$CNT+1]\n  else\n    echo \"GIVE UP...\"\n    break\n  fi\n  sleep 10\ndone\n\nEOF\n\n# Now run in the background to not block startup\nchmod 755 /config/cloud/startup-script.sh \nnohup /config/cloud/startup-script.sh \u0026\n",
            "template": "#!/bin/bash\n\n# Script must be non-blocking or run in the background.\nmkdir -p /config/cloud\n\ncat \u003c\u003c 'EOF' \u003e /config/cloud/startup-script.sh\n\n# BIG-IPS ONBOARD SCRIPT\n\n#LOG_FILE=${onboard_log}\n\n#if [ ! -e $LOG_FILE ]\n#then\n  #touch $LOG_FILE\n  #exec \u0026\u003e\u003e$LOG_FILE\n#else\n  #if file exists, exit as only want to run once\n  #exit\n#fi\n\n#exec 1\u003e$LOG_FILE 2\u003e\u00261\n\n# CHECK TO SEE NETWORK IS READY\nCNT=0\nwhile true\ndo\n  STATUS=$(curl -s -k -I example.com | grep HTTP)\n  if [[ $STATUS == *\"200\"* ]]; then\n    echo \"Got 200! VE is Ready!\"\n    break\n  elif [ $CNT -le 6 ]; then\n    echo \"Status code: $STATUS  Not done yet...\"\n    CNT=$[$CNT+1]\n  else\n    echo \"GIVE UP...\"\n    break\n  fi\n  sleep 10\ndone\n\n### DOWNLOAD ONBOARDING PKGS\n# Could be pre-packaged or hosted internally\n\nadmin_username='${uname}'\nadmin_password='${upassword}'\nCREDS=\"admin:\"$admin_password\nDO_URL='${DO_URL}'\nDO_FN=$(basename \"$DO_URL\")\nAS3_URL='${AS3_URL}'\nAS3_FN=$(basename \"$AS3_URL\")\nTS_URL='${TS_URL}'\nTS_FN=$(basename \"$TS_URL\")\n\nmkdir -p ${libs_dir}\n\necho -e \"\\n\"$(date) \"Download Declarative Onboarding Pkg\"\ncurl -L -o ${libs_dir}/$DO_FN $DO_URL\n\necho -e \"\\n\"$(date) \"Download AS3 Pkg\"\ncurl -L -o ${libs_dir}/$AS3_FN $AS3_URL\nsleep 20\n\necho -e \"\\n\"$(date) \"Download TS Pkg\"\ncurl -L -o ${libs_dir}/$TS_FN $TS_URL\nsleep 20\n\n# Copy the RPM Pkg to the file location\ncp ${libs_dir}/*.rpm /var/config/rest/downloads/\n\n# Install DO Pkg\nDATA=\"{\\\"operation\\\":\\\"INSTALL\\\",\\\"packageFilePath\\\":\\\"/var/config/rest/downloads/$DO_FN\\\"}\"\necho -e \"\\n\"$(date) \"Install DO Pkg\"\ncurl -u $CREDS -X POST http://localhost:8100/mgmt/shared/iapp/package-management-tasks -d $DATA\n\n# Install AS3 Pkg\nDATA=\"{\\\"operation\\\":\\\"INSTALL\\\",\\\"packageFilePath\\\":\\\"/var/config/rest/downloads/$AS3_FN\\\"}\"\necho -e \"\\n\"$(date) \"Install AS3 Pkg\"\ncurl -u $CREDS -X POST http://localhost:8100/mgmt/shared/iapp/package-management-tasks -d $DATA\n\n# Install TS Pkg\nDATA=\"{\\\"operation\\\":\\\"INSTALL\\\",\\\"packageFilePath\\\":\\\"/var/config/rest/downloads/$TS_FN\\\"}\"\necho -e \"\\n\"$(date) \"Install TS Pkg\"\ncurl -u $CREDS -X POST http://localhost:8100/mgmt/shared/iapp/package-management-tasks -d $DATA\n\n\n# Check DO Ready\nCNT=0\nwhile true\ndo\n  STATUS=$(curl -u $CREDS -X GET -s -k -I https://localhost/mgmt/shared/declarative-onboarding | grep HTTP)\n  if [[ $STATUS == *\"200\"* ]]; then\n    echo \"Got 200! Declarative Onboarding is Ready!\"\n    break\n  elif [ $CNT -le 6 ]; then\n    echo \"Status code: $STATUS  DO Not done yet...\"\n    CNT=$[$CNT+1]\n  else\n    echo \"GIVE UP...\"\n    break\n  fi\n  sleep 10\ndone\n\n\n# Check AS3 Ready\nCNT=0\nwhile true\ndo\n  STATUS=$(curl -u $CREDS -X GET -s -k -I https://localhost/mgmt/shared/appsvcs/info | grep HTTP)\n  if [[ $STATUS == *\"200\"* ]]; then\n    echo \"Got 200! AS3 is Ready!\"\n    break\n  elif [ $CNT -le 6 ]; then\n    echo \"Status code: $STATUS  AS3 Not done yet...\"\n    CNT=$[$CNT+1]\n  else\n    echo \"GIVE UP...\"\n    break\n  fi\n  sleep 10\ndone\n\nEOF\n\n# Now run in the background to not block startup\nchmod 755 /config/cloud/startup-script.sh \nnohup /config/cloud/startup-script.sh \u0026\n",
            "vars": {
              "AS3_URL": "https://github.com/F5Networks/f5-appsvcs-extension/releases/download/v3.19.0/f5-appsvcs-3.19.0-4.noarch.rpm",
              "DO_URL": "https://github.com/F5Networks/f5-declarative-onboarding/releases/download/v1.12.0/f5-declarative-onboarding-1.12.0-1.noarch.rpm",
              "TS_URL": "https://github.com/F5Networks/f5-telemetry-streaming/releases/download/v1.11.0/f5-telemetry-1.11.0-1.noarch.rpm",
              "libs_dir": "/config/cloud/azure/node_modules",
              "onboard_log": "/var/log/startup-script.log",
              "uname": "azureuser",
              "upassword": "superSecret!"
            }
          }
        }
      ]
    },
    {
      "mode": "managed",
      "type": "azurerm_availability_set",
      "name": "avset",
      "provider": "provider.azurerm",
      "instances": [
        {
          "schema_version": 0,
          "attributes": {
            "id": "/subscriptions/133b4595-a6bb-4ed1-a855-0732599eec71/resourceGroups/poc_rg/providers/Microsoft.Compute/availabilitySets/pocavset",
            "location": "centralus",
            "managed": true,
            "name": "pocavset",
            "platform_fault_domain_count": 2,
            "platform_update_domain_count": 2,
            "proximity_placement_group_id": null,
            "resource_group_name": "poc_rg",
            "tags": null,
            "timeouts": null
          },
          "private": "eyJlMmJmYjczMC1lY2FhLTExZTYtOGY4OC0zNDM2M2JjN2M0YzAiOnsiY3JlYXRlIjoxODAwMDAwMDAwMDAwLCJkZWxldGUiOjE4MDAwMDAwMDAwMDAsInJlYWQiOjMwMDAwMDAwMDAwMCwidXBkYXRlIjoxODAwMDAwMDAwMDAwfX0=",
          "dependencies": [
            "azurerm_resource_group.main"
          ]
        }
      ]
    },
    {
      "mode": "managed",
      "type": "azurerm_lb",
      "name": "lb",
      "provider": "provider.azurerm",
      "instances": [
        {
          "schema_version": 0,
          "attributes": {
            "frontend_ip_configuration": [
              {
                "id": "/subscriptions/133b4595-a6bb-4ed1-a855-0732599eec71/resourceGroups/poc_rg/providers/Microsoft.Network/loadBalancers/poclb/frontendIPConfigurations/LoadBalancerFrontEnd",
                "inbound_nat_rules": [],
                "load_balancer_rules": [],
                "name": "LoadBalancerFrontEnd",
                "outbound_rules": [],
                "private_ip_address": "",
                "private_ip_address_allocation": "Dynamic",
                "public_ip_address_id": "/subscriptions/133b4595-a6bb-4ed1-a855-0732599eec71/resourceGroups/poc_rg/providers/Microsoft.Network/publicIPAddresses/poc-lb-pip",
                "public_ip_prefix_id": "",
                "subnet_id": "",
                "zones": null
              }
            ],
            "id": "/subscriptions/133b4595-a6bb-4ed1-a855-0732599eec71/resourceGroups/poc_rg/providers/Microsoft.Network/loadBalancers/poclb",
            "location": "centralus",
            "name": "poclb",
            "private_ip_address": "",
            "private_ip_addresses": [],
            "resource_group_name": "poc_rg",
            "sku": "Basic",
            "tags": null,
            "timeouts": null
          },
          "private": "eyJlMmJmYjczMC1lY2FhLTExZTYtOGY4OC0zNDM2M2JjN2M0YzAiOnsiY3JlYXRlIjoxODAwMDAwMDAwMDAwLCJkZWxldGUiOjE4MDAwMDAwMDAwMDAsInJlYWQiOjMwMDAwMDAwMDAwMCwidXBkYXRlIjoxODAwMDAwMDAwMDAwfX0=",
          "dependencies": [
            "azurerm_public_ip.lbpip",
            "azurerm_resource_group.main"
          ]
        }
      ]
    },
    {
      "mode": "managed",
      "type": "azurerm_lb_backend_address_pool",
      "name": "backend_pool",
      "provider": "provider.azurerm",
      "instances": [
        {
          "schema_version": 0,
          "attributes": {
            "backend_ip_configurations": [],
            "id": "/subscriptions/133b4595-a6bb-4ed1-a855-0732599eec71/resourceGroups/poc_rg/providers/Microsoft.Network/loadBalancers/poclb/backendAddressPools/BackendPool1",
            "load_balancing_rules": [],
            "loadbalancer_id": "/subscriptions/133b4595-a6bb-4ed1-a855-0732599eec71/resourceGroups/poc_rg/providers/Microsoft.Network/loadBalancers/poclb",
            "name": "BackendPool1",
            "resource_group_name": "poc_rg",
            "timeouts": null
          },
          "private": "eyJlMmJmYjczMC1lY2FhLTExZTYtOGY4OC0zNDM2M2JjN2M0YzAiOnsiY3JlYXRlIjoxODAwMDAwMDAwMDAwLCJkZWxldGUiOjE4MDAwMDAwMDAwMDAsInJlYWQiOjMwMDAwMDAwMDAwMCwidXBkYXRlIjoxODAwMDAwMDAwMDAwfX0=",
          "dependencies": [
            "azurerm_lb.lb",
            "azurerm_public_ip.lbpip",
            "azurerm_resource_group.main"
          ]
        }
      ]
    },
    {
      "mode": "managed",
      "type": "azurerm_lb_probe",
      "name": "lb_probe",
      "provider": "provider.azurerm",
      "instances": [
        {
          "schema_version": 0,
          "attributes": {
            "id": "/subscriptions/133b4595-a6bb-4ed1-a855-0732599eec71/resourceGroups/poc_rg/providers/Microsoft.Network/loadBalancers/poclb/probes/tcpProbe",
            "interval_in_seconds": 5,
            "load_balancer_rules": [],
            "loadbalancer_id": "/subscriptions/133b4595-a6bb-4ed1-a855-0732599eec71/resourceGroups/poc_rg/providers/Microsoft.Network/loadBalancers/poclb",
            "name": "tcpProbe",
            "number_of_probes": 2,
            "port": 8443,
            "protocol": "Tcp",
            "request_path": "",
            "resource_group_name": "poc_rg",
            "timeouts": null
          },
          "private": "eyJlMmJmYjczMC1lY2FhLTExZTYtOGY4OC0zNDM2M2JjN2M0YzAiOnsiY3JlYXRlIjoxODAwMDAwMDAwMDAwLCJkZWxldGUiOjE4MDAwMDAwMDAwMDAsInJlYWQiOjMwMDAwMDAwMDAwMCwidXBkYXRlIjoxODAwMDAwMDAwMDAwfX0=",
          "dependencies": [
            "azurerm_lb.lb",
            "azurerm_public_ip.lbpip",
            "azurerm_resource_group.main"
          ]
        }
      ]
    },
    {
      "mode": "managed",
      "type": "azurerm_lb_rule",
      "name": "lb_rule",
      "provider": "provider.azurerm",
      "instances": [
        {
          "schema_version": 0,
          "attributes": {
            "backend_address_pool_id": "/subscriptions/133b4595-a6bb-4ed1-a855-0732599eec71/resourceGroups/poc_rg/providers/Microsoft.Network/loadBalancers/poclb/backendAddressPools/BackendPool1",
            "backend_port": 8443,
            "disable_outbound_snat": false,
            "enable_floating_ip": false,
            "enable_tcp_reset": false,
            "frontend_ip_configuration_id": "/subscriptions/133b4595-a6bb-4ed1-a855-0732599eec71/resourceGroups/poc_rg/providers/Microsoft.Network/loadBalancers/poclb/frontendIPConfigurations/LoadBalancerFrontEnd",
            "frontend_ip_configuration_name": "LoadBalancerFrontEnd",
            "frontend_port": 443,
            "id": "/subscriptions/133b4595-a6bb-4ed1-a855-0732599eec71/resourceGroups/poc_rg/providers/Microsoft.Network/loadBalancers/poclb/loadBalancingRules/LBRule",
            "idle_timeout_in_minutes": 5,
            "load_distribution": "Default",
            "loadbalancer_id": "/subscriptions/133b4595-a6bb-4ed1-a855-0732599eec71/resourceGroups/poc_rg/providers/Microsoft.Network/loadBalancers/poclb",
            "name": "LBRule",
            "probe_id": "/subscriptions/133b4595-a6bb-4ed1-a855-0732599eec71/resourceGroups/poc_rg/providers/Microsoft.Network/loadBalancers/poclb/probes/tcpProbe",
            "protocol": "Tcp",
            "resource_group_name": "poc_rg",
            "timeouts": null
          },
          "private": "eyJlMmJmYjczMC1lY2FhLTExZTYtOGY4OC0zNDM2M2JjN2M0YzAiOnsiY3JlYXRlIjoxODAwMDAwMDAwMDAwLCJkZWxldGUiOjE4MDAwMDAwMDAwMDAsInJlYWQiOjMwMDAwMDAwMDAwMCwidXBkYXRlIjoxODAwMDAwMDAwMDAwfX0=",
          "dependencies": [
            "azurerm_lb.lb",
            "azurerm_lb_backend_address_pool.backend_pool",
            "azurerm_lb_probe.lb_probe",
            "azurerm_public_ip.lbpip",
            "azurerm_resource_group.main"
          ]
        }
      ]
    },
    {
      "mode": "managed",
      "type": "azurerm_network_interface",
      "name": "backend01-ext-nic",
      "provider": "provider.azurerm",
      "instances": [
        {
          "schema_version": 0,
          "attributes": {
            "applied_dns_servers": [],
            "dns_servers": [],
            "enable_accelerated_networking": false,
            "enable_ip_forwarding": false,
            "id": "/subscriptions/133b4595-a6bb-4ed1-a855-0732599eec71/resourceGroups/poc_rg/providers/Microsoft.Network/networkInterfaces/poc-backend01-ext-nic",
            "internal_dns_name_label": "",
            "ip_configuration": [
              {
                "name": "primary",
                "primary": true,
                "private_ip_address": "10.90.2.101",
                "private_ip_address_allocation": "Static",
                "private_ip_address_version": "IPv4",
                "public_ip_address_id": "",
                "subnet_id": "/subscriptions/133b4595-a6bb-4ed1-a855-0732599eec71/resourceGroups/poc_rg/providers/Microsoft.Network/virtualNetworks/poc-network/subnets/External"
              }
            ],
            "location": "centralus",
            "mac_address": "",
            "name": "poc-backend01-ext-nic",
            "private_ip_address": "10.90.2.101",
            "private_ip_addresses": [
              "10.90.2.101"
            ],
            "resource_group_name": "poc_rg",
            "tags": {
              "Name": "f5env-backend01-ext-int",
              "application": "app1",
              "costcenter": "f5costcenter",
              "environment": "f5env",
              "group": "f5group",
              "owner": "f5owner"
            },
            "timeouts": null,
            "virtual_machine_id": ""
          },
          "private": "eyJlMmJmYjczMC1lY2FhLTExZTYtOGY4OC0zNDM2M2JjN2M0YzAiOnsiY3JlYXRlIjoxODAwMDAwMDAwMDAwLCJkZWxldGUiOjE4MDAwMDAwMDAwMDAsInJlYWQiOjMwMDAwMDAwMDAwMCwidXBkYXRlIjoxODAwMDAwMDAwMDAwfX0=",
          "dependencies": [
            "azurerm_resource_group.main",
            "azurerm_subnet.External",
            "azurerm_virtual_network.main"
          ]
        }
      ]
    },
    {
      "mode": "managed",
      "type": "azurerm_network_interface",
      "name": "jb_nic",
      "provider": "provider.azurerm",
      "instances": [
        {
          "schema_version": 0,
          "attributes": {
            "applied_dns_servers": [],
            "dns_servers": [],
            "enable_accelerated_networking": false,
            "enable_ip_forwarding": false,
            "id": "/subscriptions/133b4595-a6bb-4ed1-a855-0732599eec71/resourceGroups/poc_rg/providers/Microsoft.Network/networkInterfaces/poc-jb-nic-43b5",
            "internal_dns_name_label": "",
            "ip_configuration": [
              {
                "name": "poc-jb-nic-43b5",
                "primary": true,
                "private_ip_address": "10.90.1.6",
                "private_ip_address_allocation": "Static",
                "private_ip_address_version": "IPv4",
                "public_ip_address_id": "/subscriptions/133b4595-a6bb-4ed1-a855-0732599eec71/resourceGroups/poc_rg/providers/Microsoft.Network/publicIPAddresses/poc-jb-43b5",
                "subnet_id": "/subscriptions/133b4595-a6bb-4ed1-a855-0732599eec71/resourceGroups/poc_rg/providers/Microsoft.Network/virtualNetworks/poc-network/subnets/Mgmt"
              }
            ],
            "location": "centralus",
            "mac_address": "",
            "name": "poc-jb-nic-43b5",
            "private_ip_address": "10.90.1.6",
            "private_ip_addresses": [
              "10.90.1.6"
            ],
            "resource_group_name": "poc_rg",
            "tags": {
              "environment": "f5env"
            },
            "timeouts": null,
            "virtual_machine_id": ""
          },
          "private": "eyJlMmJmYjczMC1lY2FhLTExZTYtOGY4OC0zNDM2M2JjN2M0YzAiOnsiY3JlYXRlIjoxODAwMDAwMDAwMDAwLCJkZWxldGUiOjE4MDAwMDAwMDAwMDAsInJlYWQiOjMwMDAwMDAwMDAwMCwidXBkYXRlIjoxODAwMDAwMDAwMDAwfX0=",
          "dependencies": [
            "azurerm_public_ip.jb_public_ip",
            "azurerm_resource_group.main",
            "azurerm_subnet.Mgmt",
            "azurerm_virtual_network.main",
            "random_id.randomId"
          ]
        }
      ]
    },
    {
      "mode": "managed",
      "type": "azurerm_network_interface",
      "name": "vm01-ext-nic",
      "provider": "provider.azurerm",
      "instances": [
        {
          "schema_version": 0,
          "attributes": {
            "applied_dns_servers": [],
            "dns_servers": [],
            "enable_accelerated_networking": false,
            "enable_ip_forwarding": false,
            "id": "/subscriptions/133b4595-a6bb-4ed1-a855-0732599eec71/resourceGroups/poc_rg/providers/Microsoft.Network/networkInterfaces/poc-vm01-ext-nic",
            "internal_dns_name_label": "",
            "ip_configuration": [
              {
                "name": "primary",
                "primary": true,
                "private_ip_address": "10.90.2.4",
                "private_ip_address_allocation": "Static",
                "private_ip_address_version": "IPv4",
                "public_ip_address_id": "",
                "subnet_id": "/subscriptions/133b4595-a6bb-4ed1-a855-0732599eec71/resourceGroups/poc_rg/providers/Microsoft.Network/virtualNetworks/poc-network/subnets/External"
              },
              {
                "name": "secondary",
                "primary": false,
                "private_ip_address": "10.90.2.11",
                "private_ip_address_allocation": "Static",
                "private_ip_address_version": "IPv4",
                "public_ip_address_id": "",
                "subnet_id": "/subscriptions/133b4595-a6bb-4ed1-a855-0732599eec71/resourceGroups/poc_rg/providers/Microsoft.Network/virtualNetworks/poc-network/subnets/External"
              }
            ],
            "location": "centralus",
            "mac_address": "",
            "name": "poc-vm01-ext-nic",
            "private_ip_address": "10.90.2.4",
            "private_ip_addresses": [
              "10.90.2.4",
              "10.90.2.11"
            ],
            "resource_group_name": "poc_rg",
            "tags": {
              "Name": "f5env-vm01-ext-int",
              "application": "f5app",
              "costcenter": "f5costcenter",
              "environment": "f5env",
              "group": "f5group",
              "owner": "f5owner"
            },
            "timeouts": null,
            "virtual_machine_id": ""
          },
          "private": "eyJlMmJmYjczMC1lY2FhLTExZTYtOGY4OC0zNDM2M2JjN2M0YzAiOnsiY3JlYXRlIjoxODAwMDAwMDAwMDAwLCJkZWxldGUiOjE4MDAwMDAwMDAwMDAsInJlYWQiOjMwMDAwMDAwMDAwMCwidXBkYXRlIjoxODAwMDAwMDAwMDAwfX0=",
          "dependencies": [
            "azurerm_lb.lb",
            "azurerm_lb_backend_address_pool.backend_pool",
            "azurerm_public_ip.lbpip",
            "azurerm_resource_group.main",
            "azurerm_subnet.External",
            "azurerm_virtual_network.main"
          ]
        }
      ]
    },
    {
      "mode": "managed",
      "type": "azurerm_network_interface",
      "name": "vm01-mgmt-nic",
      "provider": "provider.azurerm",
      "instances": [
        {
          "schema_version": 0,
          "attributes": {
            "applied_dns_servers": [],
            "dns_servers": [],
            "enable_accelerated_networking": false,
            "enable_ip_forwarding": false,
            "id": "/subscriptions/133b4595-a6bb-4ed1-a855-0732599eec71/resourceGroups/poc_rg/providers/Microsoft.Network/networkInterfaces/poc-vm01-mgmt-nic",
            "internal_dns_name_label": "",
            "ip_configuration": [
              {
                "name": "primary",
                "primary": true,
                "private_ip_address": "10.90.1.4",
                "private_ip_address_allocation": "Static",
                "private_ip_address_version": "IPv4",
                "public_ip_address_id": "/subscriptions/133b4595-a6bb-4ed1-a855-0732599eec71/resourceGroups/poc_rg/providers/Microsoft.Network/publicIPAddresses/poc-vm01-mgmt-pip",
                "subnet_id": "/subscriptions/133b4595-a6bb-4ed1-a855-0732599eec71/resourceGroups/poc_rg/providers/Microsoft.Network/virtualNetworks/poc-network/subnets/Mgmt"
              }
            ],
            "location": "centralus",
            "mac_address": "",
            "name": "poc-vm01-mgmt-nic",
            "private_ip_address": "10.90.1.4",
            "private_ip_addresses": [
              "10.90.1.4"
            ],
            "resource_group_name": "poc_rg",
            "tags": {
              "Name": "f5env-vm01-mgmt-int",
              "application": "f5app",
              "costcenter": "f5costcenter",
              "environment": "f5env",
              "group": "f5group",
              "owner": "f5owner"
            },
            "timeouts": null,
            "virtual_machine_id": ""
          },
          "private": "eyJlMmJmYjczMC1lY2FhLTExZTYtOGY4OC0zNDM2M2JjN2M0YzAiOnsiY3JlYXRlIjoxODAwMDAwMDAwMDAwLCJkZWxldGUiOjE4MDAwMDAwMDAwMDAsInJlYWQiOjMwMDAwMDAwMDAwMCwidXBkYXRlIjoxODAwMDAwMDAwMDAwfX0=",
          "dependencies": [
            "azurerm_public_ip.vm01mgmtpip",
            "azurerm_resource_group.main",
            "azurerm_subnet.Mgmt",
            "azurerm_virtual_network.main"
          ]
        }
      ]
    },
    {
      "mode": "managed",
      "type": "azurerm_network_interface",
      "name": "vm02-ext-nic",
      "provider": "provider.azurerm",
      "instances": [
        {
          "schema_version": 0,
          "attributes": {
            "applied_dns_servers": [],
            "dns_servers": [],
            "enable_accelerated_networking": false,
            "enable_ip_forwarding": false,
            "id": "/subscriptions/133b4595-a6bb-4ed1-a855-0732599eec71/resourceGroups/poc_rg/providers/Microsoft.Network/networkInterfaces/poc-vm02-ext-nic",
            "internal_dns_name_label": "",
            "ip_configuration": [
              {
                "name": "primary",
                "primary": true,
                "private_ip_address": "10.90.2.5",
                "private_ip_address_allocation": "Static",
                "private_ip_address_version": "IPv4",
                "public_ip_address_id": "",
                "subnet_id": "/subscriptions/133b4595-a6bb-4ed1-a855-0732599eec71/resourceGroups/poc_rg/providers/Microsoft.Network/virtualNetworks/poc-network/subnets/External"
              },
              {
                "name": "secondary",
                "primary": false,
                "private_ip_address": "10.90.2.12",
                "private_ip_address_allocation": "Static",
                "private_ip_address_version": "IPv4",
                "public_ip_address_id": "",
                "subnet_id": "/subscriptions/133b4595-a6bb-4ed1-a855-0732599eec71/resourceGroups/poc_rg/providers/Microsoft.Network/virtualNetworks/poc-network/subnets/External"
              }
            ],
            "location": "centralus",
            "mac_address": "",
            "name": "poc-vm02-ext-nic",
            "private_ip_address": "10.90.2.5",
            "private_ip_addresses": [
              "10.90.2.5",
              "10.90.2.12"
            ],
            "resource_group_name": "poc_rg",
            "tags": {
              "Name": "f5env-vm01-ext-int",
              "application": "f5app",
              "costcenter": "f5costcenter",
              "environment": "f5env",
              "group": "f5group",
              "owner": "f5owner"
            },
            "timeouts": null,
            "virtual_machine_id": ""
          },
          "private": "eyJlMmJmYjczMC1lY2FhLTExZTYtOGY4OC0zNDM2M2JjN2M0YzAiOnsiY3JlYXRlIjoxODAwMDAwMDAwMDAwLCJkZWxldGUiOjE4MDAwMDAwMDAwMDAsInJlYWQiOjMwMDAwMDAwMDAwMCwidXBkYXRlIjoxODAwMDAwMDAwMDAwfX0=",
          "dependencies": [
            "azurerm_lb.lb",
            "azurerm_lb_backend_address_pool.backend_pool",
            "azurerm_public_ip.lbpip",
            "azurerm_resource_group.main",
            "azurerm_subnet.External",
            "azurerm_virtual_network.main"
          ]
        }
      ]
    },
    {
      "mode": "managed",
      "type": "azurerm_network_interface",
      "name": "vm02-mgmt-nic",
      "provider": "provider.azurerm",
      "instances": [
        {
          "schema_version": 0,
          "attributes": {
            "applied_dns_servers": [],
            "dns_servers": [],
            "enable_accelerated_networking": false,
            "enable_ip_forwarding": false,
            "id": "/subscriptions/133b4595-a6bb-4ed1-a855-0732599eec71/resourceGroups/poc_rg/providers/Microsoft.Network/networkInterfaces/poc-vm02-mgmt-nic",
            "internal_dns_name_label": "",
            "ip_configuration": [
              {
                "name": "primary",
                "primary": true,
                "private_ip_address": "10.90.1.5",
                "private_ip_address_allocation": "Static",
                "private_ip_address_version": "IPv4",
                "public_ip_address_id": "/subscriptions/133b4595-a6bb-4ed1-a855-0732599eec71/resourceGroups/poc_rg/providers/Microsoft.Network/publicIPAddresses/poc-vm02-mgmt-pip",
                "subnet_id": "/subscriptions/133b4595-a6bb-4ed1-a855-0732599eec71/resourceGroups/poc_rg/providers/Microsoft.Network/virtualNetworks/poc-network/subnets/Mgmt"
              }
            ],
            "location": "centralus",
            "mac_address": "",
            "name": "poc-vm02-mgmt-nic",
            "private_ip_address": "10.90.1.5",
            "private_ip_addresses": [
              "10.90.1.5"
            ],
            "resource_group_name": "poc_rg",
            "tags": {
              "Name": "f5env-vm02-mgmt-int",
              "application": "f5app",
              "costcenter": "f5costcenter",
              "environment": "f5env",
              "group": "f5group",
              "owner": "f5owner"
            },
            "timeouts": null,
            "virtual_machine_id": ""
          },
          "private": "eyJlMmJmYjczMC1lY2FhLTExZTYtOGY4OC0zNDM2M2JjN2M0YzAiOnsiY3JlYXRlIjoxODAwMDAwMDAwMDAwLCJkZWxldGUiOjE4MDAwMDAwMDAwMDAsInJlYWQiOjMwMDAwMDAwMDAwMCwidXBkYXRlIjoxODAwMDAwMDAwMDAwfX0=",
          "dependencies": [
            "azurerm_public_ip.vm02mgmtpip",
            "azurerm_resource_group.main",
            "azurerm_subnet.Mgmt",
            "azurerm_virtual_network.main"
          ]
        }
      ]
    },
    {
      "mode": "managed",
      "type": "azurerm_network_interface_backend_address_pool_association",
      "name": "bpool_assc_vm01",
      "provider": "provider.azurerm",
      "instances": [
        {
          "schema_version": 0,
          "attributes": {
            "backend_address_pool_id": "/subscriptions/133b4595-a6bb-4ed1-a855-0732599eec71/resourceGroups/poc_rg/providers/Microsoft.Network/loadBalancers/poclb/backendAddressPools/BackendPool1",
            "id": "/subscriptions/133b4595-a6bb-4ed1-a855-0732599eec71/resourceGroups/poc_rg/providers/Microsoft.Network/networkInterfaces/poc-vm01-ext-nic/ipConfigurations/secondary|/subscriptions/133b4595-a6bb-4ed1-a855-0732599eec71/resourceGroups/poc_rg/providers/Microsoft.Network/loadBalancers/poclb/backendAddressPools/BackendPool1",
            "ip_configuration_name": "secondary",
            "network_interface_id": "/subscriptions/133b4595-a6bb-4ed1-a855-0732599eec71/resourceGroups/poc_rg/providers/Microsoft.Network/networkInterfaces/poc-vm01-ext-nic",
            "timeouts": null
          },
          "private": "eyJlMmJmYjczMC1lY2FhLTExZTYtOGY4OC0zNDM2M2JjN2M0YzAiOnsiY3JlYXRlIjoxODAwMDAwMDAwMDAwLCJkZWxldGUiOjE4MDAwMDAwMDAwMDAsInJlYWQiOjMwMDAwMDAwMDAwMCwidXBkYXRlIjoxODAwMDAwMDAwMDAwfX0=",
          "dependencies": [
            "azurerm_lb.lb",
            "azurerm_lb_backend_address_pool.backend_pool",
            "azurerm_network_interface.vm01-ext-nic",
            "azurerm_public_ip.lbpip",
            "azurerm_resource_group.main",
            "azurerm_subnet.External",
            "azurerm_virtual_network.main"
          ]
        }
      ]
    },
    {
      "mode": "managed",
      "type": "azurerm_network_interface_backend_address_pool_association",
      "name": "bpool_assc_vm02",
      "provider": "provider.azurerm",
      "instances": [
        {
          "schema_version": 0,
          "attributes": {
            "backend_address_pool_id": "/subscriptions/133b4595-a6bb-4ed1-a855-0732599eec71/resourceGroups/poc_rg/providers/Microsoft.Network/loadBalancers/poclb/backendAddressPools/BackendPool1",
            "id": "/subscriptions/133b4595-a6bb-4ed1-a855-0732599eec71/resourceGroups/poc_rg/providers/Microsoft.Network/networkInterfaces/poc-vm02-ext-nic/ipConfigurations/secondary|/subscriptions/133b4595-a6bb-4ed1-a855-0732599eec71/resourceGroups/poc_rg/providers/Microsoft.Network/loadBalancers/poclb/backendAddressPools/BackendPool1",
            "ip_configuration_name": "secondary",
            "network_interface_id": "/subscriptions/133b4595-a6bb-4ed1-a855-0732599eec71/resourceGroups/poc_rg/providers/Microsoft.Network/networkInterfaces/poc-vm02-ext-nic",
            "timeouts": null
          },
          "private": "eyJlMmJmYjczMC1lY2FhLTExZTYtOGY4OC0zNDM2M2JjN2M0YzAiOnsiY3JlYXRlIjoxODAwMDAwMDAwMDAwLCJkZWxldGUiOjE4MDAwMDAwMDAwMDAsInJlYWQiOjMwMDAwMDAwMDAwMCwidXBkYXRlIjoxODAwMDAwMDAwMDAwfX0=",
          "dependencies": [
            "azurerm_lb.lb",
            "azurerm_lb_backend_address_pool.backend_pool",
            "azurerm_network_interface.vm02-ext-nic",
            "azurerm_public_ip.lbpip",
            "azurerm_resource_group.main",
            "azurerm_subnet.External",
            "azurerm_virtual_network.main"
          ]
        }
      ]
    },
    {
      "mode": "managed",
      "type": "azurerm_network_security_group",
      "name": "jb_sg",
      "provider": "provider.azurerm",
      "instances": [
        {
          "schema_version": 0,
          "attributes": {
            "id": "/subscriptions/133b4595-a6bb-4ed1-a855-0732599eec71/resourceGroups/poc_rg/providers/Microsoft.Network/networkSecurityGroups/poc-jb_sg-43b5",
            "location": "centralus",
            "name": "poc-jb_sg-43b5",
            "resource_group_name": "poc_rg",
            "security_rule": [
              {
                "access": "Allow",
                "description": "",
                "destination_address_prefix": "*",
                "destination_address_prefixes": [],
                "destination_application_security_group_ids": [],
                "destination_port_range": "22",
                "destination_port_ranges": [],
                "direction": "Inbound",
                "name": "SSH",
                "priority": 1001,
                "protocol": "Tcp",
                "source_address_prefix": "*",
                "source_address_prefixes": [],
                "source_application_security_group_ids": [],
                "source_port_range": "*",
                "source_port_ranges": []
              }
            ],
            "tags": {
              "environment": "f5env"
            },
            "timeouts": null
          },
          "private": "eyJlMmJmYjczMC1lY2FhLTExZTYtOGY4OC0zNDM2M2JjN2M0YzAiOnsiY3JlYXRlIjoxODAwMDAwMDAwMDAwLCJkZWxldGUiOjE4MDAwMDAwMDAwMDAsInJlYWQiOjMwMDAwMDAwMDAwMCwidXBkYXRlIjoxODAwMDAwMDAwMDAwfX0=",
          "dependencies": [
            "azurerm_resource_group.main",
            "random_id.randomId"
          ]
        }
      ]
    },
    {
      "mode": "managed",
      "type": "azurerm_network_security_group",
      "name": "main",
      "provider": "provider.azurerm",
      "instances": [
        {
          "schema_version": 0,
          "attributes": {
            "id": "/subscriptions/133b4595-a6bb-4ed1-a855-0732599eec71/resourceGroups/poc_rg/providers/Microsoft.Network/networkSecurityGroups/poc-nsg",
            "location": "centralus",
            "name": "poc-nsg",
            "resource_group_name": "poc_rg",
            "security_rule": [
              {
                "access": "Allow",
                "description": "Allow HTTP access",
                "destination_address_prefix": "*",
                "destination_address_prefixes": [],
                "destination_application_security_group_ids": [],
                "destination_port_range": "80",
                "destination_port_ranges": [],
                "direction": "Inbound",
                "name": "allow_HTTP",
                "priority": 110,
                "protocol": "Tcp",
                "source_address_prefix": "*",
                "source_address_prefixes": [],
                "source_application_security_group_ids": [],
                "source_port_range": "*",
                "source_port_ranges": []
              },
              {
                "access": "Allow",
                "description": "Allow HTTPS access",
                "destination_address_prefix": "*",
                "destination_address_prefixes": [],
                "destination_application_security_group_ids": [],
                "destination_port_range": "443",
                "destination_port_ranges": [],
                "direction": "Inbound",
                "name": "allow_HTTPS",
                "priority": 120,
                "protocol": "Tcp",
                "source_address_prefix": "*",
                "source_address_prefixes": [],
                "source_application_security_group_ids": [],
                "source_port_range": "*",
                "source_port_ranges": []
              },
              {
                "access": "Allow",
                "description": "Allow HTTPS access",
                "destination_address_prefix": "*",
                "destination_address_prefixes": [],
                "destination_application_security_group_ids": [],
                "destination_port_range": "8443",
                "destination_port_ranges": [],
                "direction": "Inbound",
                "name": "allow_APP_HTTPS",
                "priority": 140,
                "protocol": "Tcp",
                "source_address_prefix": "*",
                "source_address_prefixes": [],
                "source_application_security_group_ids": [],
                "source_port_range": "*",
                "source_port_ranges": []
              },
              {
                "access": "Allow",
                "description": "Allow RDP access",
                "destination_address_prefix": "*",
                "destination_address_prefixes": [],
                "destination_application_security_group_ids": [],
                "destination_port_range": "3389",
                "destination_port_ranges": [],
                "direction": "Inbound",
                "name": "allow_RDP",
                "priority": 130,
                "protocol": "Tcp",
                "source_address_prefix": "*",
                "source_address_prefixes": [],
                "source_application_security_group_ids": [],
                "source_port_range": "*",
                "source_port_ranges": []
              },
              {
                "access": "Allow",
                "description": "Allow SSH access",
                "destination_address_prefix": "*",
                "destination_address_prefixes": [],
                "destination_application_security_group_ids": [],
                "destination_port_range": "22",
                "destination_port_ranges": [],
                "direction": "Inbound",
                "name": "allow_SSH",
                "priority": 100,
                "protocol": "Tcp",
                "source_address_prefix": "*",
                "source_address_prefixes": [],
                "source_application_security_group_ids": [],
                "source_port_range": "*",
                "source_port_ranges": []
              }
            ],
            "tags": {
              "Name": "f5env-bigip-sg",
              "application": "f5app",
              "costcenter": "f5costcenter",
              "environment": "f5env",
              "group": "f5group",
              "owner": "f5owner"
            },
            "timeouts": null
          },
          "private": "eyJlMmJmYjczMC1lY2FhLTExZTYtOGY4OC0zNDM2M2JjN2M0YzAiOnsiY3JlYXRlIjoxODAwMDAwMDAwMDAwLCJkZWxldGUiOjE4MDAwMDAwMDAwMDAsInJlYWQiOjMwMDAwMDAwMDAwMCwidXBkYXRlIjoxODAwMDAwMDAwMDAwfX0=",
          "dependencies": [
            "azurerm_resource_group.main"
          ]
        }
      ]
    },
    {
      "mode": "managed",
      "type": "azurerm_network_security_group",
      "name": "management_sg",
      "provider": "provider.azurerm",
      "instances": [
        {
          "schema_version": 0,
          "attributes": {
            "id": "/subscriptions/133b4595-a6bb-4ed1-a855-0732599eec71/resourceGroups/poc_rg/providers/Microsoft.Network/networkSecurityGroups/poc-mgmt_sg-43b5",
            "location": "centralus",
            "name": "poc-mgmt_sg-43b5",
            "resource_group_name": "poc_rg",
            "security_rule": [
              {
                "access": "Allow",
                "description": "",
                "destination_address_prefix": "*",
                "destination_address_prefixes": [],
                "destination_application_security_group_ids": [],
                "destination_port_range": "22",
                "destination_port_ranges": [],
                "direction": "Inbound",
                "name": "SSH",
                "priority": 1001,
                "protocol": "Tcp",
                "source_address_prefix": "*",
                "source_address_prefixes": [],
                "source_application_security_group_ids": [],
                "source_port_range": "*",
                "source_port_ranges": []
              },
              {
                "access": "Allow",
                "description": "",
                "destination_address_prefix": "*",
                "destination_address_prefixes": [],
                "destination_application_security_group_ids": [],
                "destination_port_range": "443",
                "destination_port_ranges": [],
                "direction": "Inbound",
                "name": "HTTPS",
                "priority": 1002,
                "protocol": "Tcp",
                "source_address_prefix": "*",
                "source_address_prefixes": [],
                "source_application_security_group_ids": [],
                "source_port_range": "*",
                "source_port_ranges": []
              }
            ],
            "tags": {
              "environment": "f5env"
            },
            "timeouts": null
          },
          "private": "eyJlMmJmYjczMC1lY2FhLTExZTYtOGY4OC0zNDM2M2JjN2M0YzAiOnsiY3JlYXRlIjoxODAwMDAwMDAwMDAwLCJkZWxldGUiOjE4MDAwMDAwMDAwMDAsInJlYWQiOjMwMDAwMDAwMDAwMCwidXBkYXRlIjoxODAwMDAwMDAwMDAwfX0=",
          "dependencies": [
            "azurerm_resource_group.main",
            "random_id.randomId"
          ]
        }
      ]
    },
    {
      "mode": "managed",
      "type": "azurerm_public_ip",
      "name": "jb_public_ip",
      "provider": "provider.azurerm",
      "instances": [
        {
          "schema_version": 0,
          "attributes": {
            "allocation_method": "Static",
            "domain_name_label": null,
            "fqdn": null,
            "id": "/subscriptions/133b4595-a6bb-4ed1-a855-0732599eec71/resourceGroups/poc_rg/providers/Microsoft.Network/publicIPAddresses/poc-jb-43b5",
            "idle_timeout_in_minutes": 4,
            "ip_address": "13.86.127.135",
            "ip_version": "IPv4",
            "location": "centralus",
            "name": "poc-jb-43b5",
            "public_ip_prefix_id": null,
            "resource_group_name": "poc_rg",
            "reverse_fqdn": null,
            "sku": "Standard",
            "tags": {
              "environment": "f5env"
            },
            "timeouts": null,
            "zones": null
          },
          "private": "eyJlMmJmYjczMC1lY2FhLTExZTYtOGY4OC0zNDM2M2JjN2M0YzAiOnsiY3JlYXRlIjoxODAwMDAwMDAwMDAwLCJkZWxldGUiOjE4MDAwMDAwMDAwMDAsInJlYWQiOjMwMDAwMDAwMDAwMCwidXBkYXRlIjoxODAwMDAwMDAwMDAwfX0=",
          "dependencies": [
            "azurerm_resource_group.main",
            "random_id.randomId"
          ]
        }
      ]
    },
    {
      "mode": "managed",
      "type": "azurerm_public_ip",
      "name": "lbpip",
      "provider": "provider.azurerm",
      "instances": [
        {
          "schema_version": 0,
          "attributes": {
            "allocation_method": "Dynamic",
            "domain_name_label": "poclbpip",
            "fqdn": "poclbpip.centralus.cloudapp.azure.com",
            "id": "/subscriptions/133b4595-a6bb-4ed1-a855-0732599eec71/resourceGroups/poc_rg/providers/Microsoft.Network/publicIPAddresses/poc-lb-pip",
            "idle_timeout_in_minutes": 4,
            "ip_address": "",
            "ip_version": "IPv4",
            "location": "centralus",
            "name": "poc-lb-pip",
            "public_ip_prefix_id": null,
            "resource_group_name": "poc_rg",
            "reverse_fqdn": "",
            "sku": "Basic",
            "tags": null,
            "timeouts": null,
            "zones": null
          },
          "private": "eyJlMmJmYjczMC1lY2FhLTExZTYtOGY4OC0zNDM2M2JjN2M0YzAiOnsiY3JlYXRlIjoxODAwMDAwMDAwMDAwLCJkZWxldGUiOjE4MDAwMDAwMDAwMDAsInJlYWQiOjMwMDAwMDAwMDAwMCwidXBkYXRlIjoxODAwMDAwMDAwMDAwfX0=",
          "dependencies": [
            "azurerm_resource_group.main"
          ]
        }
      ]
    },
    {
      "mode": "managed",
      "type": "azurerm_public_ip",
      "name": "vm01mgmtpip",
      "provider": "provider.azurerm",
      "instances": [
        {
          "schema_version": 0,
          "attributes": {
            "allocation_method": "Dynamic",
            "domain_name_label": null,
            "fqdn": null,
            "id": "/subscriptions/133b4595-a6bb-4ed1-a855-0732599eec71/resourceGroups/poc_rg/providers/Microsoft.Network/publicIPAddresses/poc-vm01-mgmt-pip",
            "idle_timeout_in_minutes": 4,
            "ip_address": "",
            "ip_version": "IPv4",
            "location": "centralus",
            "name": "poc-vm01-mgmt-pip",
            "public_ip_prefix_id": null,
            "resource_group_name": "poc_rg",
            "reverse_fqdn": null,
            "sku": "Basic",
            "tags": {
              "Name": "f5env-vm01-mgmt-public-ip",
              "application": "f5app",
              "costcenter": "f5costcenter",
              "environment": "f5env",
              "group": "f5group",
              "owner": "f5owner"
            },
            "timeouts": null,
            "zones": null
          },
          "private": "eyJlMmJmYjczMC1lY2FhLTExZTYtOGY4OC0zNDM2M2JjN2M0YzAiOnsiY3JlYXRlIjoxODAwMDAwMDAwMDAwLCJkZWxldGUiOjE4MDAwMDAwMDAwMDAsInJlYWQiOjMwMDAwMDAwMDAwMCwidXBkYXRlIjoxODAwMDAwMDAwMDAwfX0=",
          "dependencies": [
            "azurerm_resource_group.main"
          ]
        }
      ]
    },
    {
      "mode": "managed",
      "type": "azurerm_public_ip",
      "name": "vm02mgmtpip",
      "provider": "provider.azurerm",
      "instances": [
        {
          "schema_version": 0,
          "attributes": {
            "allocation_method": "Dynamic",
            "domain_name_label": null,
            "fqdn": null,
            "id": "/subscriptions/133b4595-a6bb-4ed1-a855-0732599eec71/resourceGroups/poc_rg/providers/Microsoft.Network/publicIPAddresses/poc-vm02-mgmt-pip",
            "idle_timeout_in_minutes": 4,
            "ip_address": "",
            "ip_version": "IPv4",
            "location": "centralus",
            "name": "poc-vm02-mgmt-pip",
            "public_ip_prefix_id": null,
            "resource_group_name": "poc_rg",
            "reverse_fqdn": null,
            "sku": "Basic",
            "tags": {
              "Name": "f5env-vm02-mgmt-public-ip",
              "application": "f5app",
              "costcenter": "f5costcenter",
              "environment": "f5env",
              "group": "f5group",
              "owner": "f5owner"
            },
            "timeouts": null,
            "zones": null
          },
          "private": "eyJlMmJmYjczMC1lY2FhLTExZTYtOGY4OC0zNDM2M2JjN2M0YzAiOnsiY3JlYXRlIjoxODAwMDAwMDAwMDAwLCJkZWxldGUiOjE4MDAwMDAwMDAwMDAsInJlYWQiOjMwMDAwMDAwMDAwMCwidXBkYXRlIjoxODAwMDAwMDAwMDAwfX0=",
          "dependencies": [
            "azurerm_resource_group.main"
          ]
        }
      ]
    },
    {
      "mode": "managed",
      "type": "azurerm_resource_group",
      "name": "main",
      "provider": "provider.azurerm",
      "instances": [
        {
          "schema_version": 0,
          "attributes": {
            "id": "/subscriptions/133b4595-a6bb-4ed1-a855-0732599eec71/resourceGroups/poc_rg",
            "location": "centralus",
            "name": "poc_rg",
            "tags": null,
            "timeouts": null
          },
          "private": "eyJlMmJmYjczMC1lY2FhLTExZTYtOGY4OC0zNDM2M2JjN2M0YzAiOnsiY3JlYXRlIjo1NDAwMDAwMDAwMDAwLCJkZWxldGUiOjU0MDAwMDAwMDAwMDAsInJlYWQiOjMwMDAwMDAwMDAwMCwidXBkYXRlIjo1NDAwMDAwMDAwMDAwfX0="
        }
      ]
    },
    {
      "mode": "managed",
      "type": "azurerm_subnet",
      "name": "External",
      "provider": "provider.azurerm",
      "instances": [
        {
          "schema_version": 0,
          "attributes": {
            "address_prefix": "10.90.2.0/24",
            "delegation": [],
            "enforce_private_link_endpoint_network_policies": false,
            "enforce_private_link_service_network_policies": false,
            "id": "/subscriptions/133b4595-a6bb-4ed1-a855-0732599eec71/resourceGroups/poc_rg/providers/Microsoft.Network/virtualNetworks/poc-network/subnets/External",
            "name": "External",
            "resource_group_name": "poc_rg",
            "service_endpoints": null,
            "timeouts": null,
            "virtual_network_name": "poc-network"
          },
          "private": "eyJlMmJmYjczMC1lY2FhLTExZTYtOGY4OC0zNDM2M2JjN2M0YzAiOnsiY3JlYXRlIjoxODAwMDAwMDAwMDAwLCJkZWxldGUiOjE4MDAwMDAwMDAwMDAsInJlYWQiOjMwMDAwMDAwMDAwMCwidXBkYXRlIjoxODAwMDAwMDAwMDAwfX0=",
          "dependencies": [
            "azurerm_resource_group.main",
            "azurerm_virtual_network.main"
          ]
        }
      ]
    },
    {
      "mode": "managed",
      "type": "azurerm_subnet",
      "name": "Mgmt",
      "provider": "provider.azurerm",
      "instances": [
        {
          "schema_version": 0,
          "attributes": {
            "address_prefix": "10.90.1.0/24",
            "delegation": [],
            "enforce_private_link_endpoint_network_policies": false,
            "enforce_private_link_service_network_policies": false,
            "id": "/subscriptions/133b4595-a6bb-4ed1-a855-0732599eec71/resourceGroups/poc_rg/providers/Microsoft.Network/virtualNetworks/poc-network/subnets/Mgmt",
            "name": "Mgmt",
            "resource_group_name": "poc_rg",
            "service_endpoints": null,
            "timeouts": null,
            "virtual_network_name": "poc-network"
          },
          "private": "eyJlMmJmYjczMC1lY2FhLTExZTYtOGY4OC0zNDM2M2JjN2M0YzAiOnsiY3JlYXRlIjoxODAwMDAwMDAwMDAwLCJkZWxldGUiOjE4MDAwMDAwMDAwMDAsInJlYWQiOjMwMDAwMDAwMDAwMCwidXBkYXRlIjoxODAwMDAwMDAwMDAwfX0=",
          "dependencies": [
            "azurerm_resource_group.main",
            "azurerm_virtual_network.main"
          ]
        }
      ]
    },
    {
      "mode": "managed",
      "type": "azurerm_virtual_machine",
      "name": "backendvm",
      "provider": "provider.azurerm",
      "instances": [
        {
          "schema_version": 0,
          "attributes": {
            "additional_capabilities": [],
            "availability_set_id": null,
            "boot_diagnostics": [],
            "delete_data_disks_on_termination": false,
            "delete_os_disk_on_termination": false,
            "id": "/subscriptions/133b4595-a6bb-4ed1-a855-0732599eec71/resourceGroups/poc_rg/providers/Microsoft.Compute/virtualMachines/backendvm",
            "identity": [],
            "license_type": null,
            "location": "centralus",
            "name": "backendvm",
            "network_interface_ids": [
              "/subscriptions/133b4595-a6bb-4ed1-a855-0732599eec71/resourceGroups/poc_rg/providers/Microsoft.Network/networkInterfaces/poc-backend01-ext-nic"
            ],
            "os_profile": [
              {
                "admin_password": "superSecret!",
                "admin_username": "azureuser",
                "computer_name": "backend01",
                "custom_data": "ca5d6dd4998f7c1d6c0921484c6112426e95ed99"
              }
            ],
            "os_profile_linux_config": [
              {
                "disable_password_authentication": false,
                "ssh_keys": []
              }
            ],
            "os_profile_secrets": [],
            "os_profile_windows_config": [],
            "plan": [],
            "primary_network_interface_id": null,
            "proximity_placement_group_id": null,
            "resource_group_name": "poc_rg",
            "storage_data_disk": [],
            "storage_image_reference": [
              {
                "id": "",
                "offer": "UbuntuServer",
                "publisher": "Canonical",
                "sku": "16.04.0-LTS",
                "version": "latest"
              }
            ],
            "storage_os_disk": [
              {
                "caching": "ReadWrite",
                "create_option": "FromImage",
                "disk_size_gb": 30,
                "image_uri": "",
                "managed_disk_id": "/subscriptions/133b4595-a6bb-4ed1-a855-0732599eec71/resourceGroups/POC_RG/providers/Microsoft.Compute/disks/backendOsDisk",
                "managed_disk_type": "Premium_LRS",
                "name": "backendOsDisk",
                "os_type": "Linux",
                "vhd_uri": "",
                "write_accelerator_enabled": false
              }
            ],
            "tags": {
              "Name": "f5env-backend01",
              "application": "f5app",
              "costcenter": "f5costcenter",
              "environment": "f5env",
              "group": "f5group",
              "owner": "f5owner"
            },
            "timeouts": null,
            "vm_size": "Standard_DS1_v2",
            "zones": null
          },
          "private": "eyJlMmJmYjczMC1lY2FhLTExZTYtOGY4OC0zNDM2M2JjN2M0YzAiOnsiY3JlYXRlIjozNjAwMDAwMDAwMDAwLCJkZWxldGUiOjM2MDAwMDAwMDAwMDAsInJlYWQiOjMwMDAwMDAwMDAwMCwidXBkYXRlIjozNjAwMDAwMDAwMDAwfX0=",
          "dependencies": [
            "azurerm_network_interface.backend01-ext-nic",
            "azurerm_resource_group.main",
            "azurerm_subnet.External",
            "azurerm_virtual_network.main"
          ]
        }
      ]
    },
    {
      "mode": "managed",
      "type": "azurerm_virtual_machine",
      "name": "f5vm01",
      "provider": "provider.azurerm",
      "instances": [
        {
          "schema_version": 0,
          "attributes": {
            "additional_capabilities": [],
            "availability_set_id": "/subscriptions/133b4595-a6bb-4ed1-a855-0732599eec71/resourcegroups/poc_rg/providers/microsoft.compute/availabilitysets/pocavset",
            "boot_diagnostics": [],
            "delete_data_disks_on_termination": true,
            "delete_os_disk_on_termination": true,
            "id": "/subscriptions/133b4595-a6bb-4ed1-a855-0732599eec71/resourceGroups/poc_rg/providers/Microsoft.Compute/virtualMachines/poc-f5vm01",
            "identity": [],
            "license_type": null,
            "location": "centralus",
            "name": "poc-f5vm01",
            "network_interface_ids": [
              "/subscriptions/133b4595-a6bb-4ed1-a855-0732599eec71/resourceGroups/poc_rg/providers/Microsoft.Network/networkInterfaces/poc-vm01-mgmt-nic",
              "/subscriptions/133b4595-a6bb-4ed1-a855-0732599eec71/resourceGroups/poc_rg/providers/Microsoft.Network/networkInterfaces/poc-vm01-ext-nic"
            ],
            "os_profile": [
              {
                "admin_password": "superSecret!",
                "admin_username": "azureuser",
                "computer_name": "pocvm01",
                "custom_data": "00331229853c35f3f3323ecade17981b6ca717e6"
              }
            ],
            "os_profile_linux_config": [
              {
                "disable_password_authentication": false,
                "ssh_keys": []
              }
            ],
            "os_profile_secrets": [],
            "os_profile_windows_config": [],
            "plan": [
              {
                "name": "f5-bigip-virtual-edition-25m-best-hourly",
                "product": "f5-big-ip-best",
                "publisher": "f5-networks"
              }
            ],
            "primary_network_interface_id": "/subscriptions/133b4595-a6bb-4ed1-a855-0732599eec71/resourceGroups/poc_rg/providers/Microsoft.Network/networkInterfaces/poc-vm01-mgmt-nic",
            "proximity_placement_group_id": null,
            "resource_group_name": "poc_rg",
            "storage_data_disk": [],
            "storage_image_reference": [
              {
                "id": "",
                "offer": "f5-big-ip-best",
                "publisher": "f5-networks",
                "sku": "f5-bigip-virtual-edition-25m-best-hourly",
                "version": "latest"
              }
            ],
            "storage_os_disk": [
              {
                "caching": "ReadWrite",
                "create_option": "FromImage",
                "disk_size_gb": 78,
                "image_uri": "",
                "managed_disk_id": "/subscriptions/133b4595-a6bb-4ed1-a855-0732599eec71/resourceGroups/POC_RG/providers/Microsoft.Compute/disks/pocvm01-osdisk",
                "managed_disk_type": "Standard_LRS",
                "name": "pocvm01-osdisk",
                "os_type": "Linux",
                "vhd_uri": "",
                "write_accelerator_enabled": false
              }
            ],
            "tags": {
              "Name": "f5env-f5vm01",
              "application": "f5app",
              "costcenter": "f5costcenter",
              "environment": "f5env",
              "group": "f5group",
              "owner": "f5owner"
            },
            "timeouts": null,
            "vm_size": "Standard_DS4_v2",
            "zones": null
          },
          "private": "eyJlMmJmYjczMC1lY2FhLTExZTYtOGY4OC0zNDM2M2JjN2M0YzAiOnsiY3JlYXRlIjozNjAwMDAwMDAwMDAwLCJkZWxldGUiOjM2MDAwMDAwMDAwMDAsInJlYWQiOjMwMDAwMDAwMDAwMCwidXBkYXRlIjozNjAwMDAwMDAwMDAwfX0=",
          "dependencies": [
            "azurerm_availability_set.avset",
            "azurerm_lb.lb",
            "azurerm_lb_backend_address_pool.backend_pool",
            "azurerm_network_interface.vm01-ext-nic",
            "azurerm_network_interface.vm01-mgmt-nic",
            "azurerm_public_ip.lbpip",
            "azurerm_public_ip.vm01mgmtpip",
            "azurerm_resource_group.main",
            "azurerm_subnet.External",
            "azurerm_subnet.Mgmt",
            "azurerm_virtual_network.main"
          ]
        }
      ]
    },
    {
      "mode": "managed",
      "type": "azurerm_virtual_machine",
      "name": "f5vm02",
      "provider": "provider.azurerm",
      "instances": [
        {
          "schema_version": 0,
          "attributes": {
            "additional_capabilities": [],
            "availability_set_id": "/subscriptions/133b4595-a6bb-4ed1-a855-0732599eec71/resourcegroups/poc_rg/providers/microsoft.compute/availabilitysets/pocavset",
            "boot_diagnostics": [],
            "delete_data_disks_on_termination": true,
            "delete_os_disk_on_termination": true,
            "id": "/subscriptions/133b4595-a6bb-4ed1-a855-0732599eec71/resourceGroups/poc_rg/providers/Microsoft.Compute/virtualMachines/poc-f5vm02",
            "identity": [],
            "license_type": null,
            "location": "centralus",
            "name": "poc-f5vm02",
            "network_interface_ids": [
              "/subscriptions/133b4595-a6bb-4ed1-a855-0732599eec71/resourceGroups/poc_rg/providers/Microsoft.Network/networkInterfaces/poc-vm02-mgmt-nic",
              "/subscriptions/133b4595-a6bb-4ed1-a855-0732599eec71/resourceGroups/poc_rg/providers/Microsoft.Network/networkInterfaces/poc-vm02-ext-nic"
            ],
            "os_profile": [
              {
                "admin_password": "superSecret!",
                "admin_username": "azureuser",
                "computer_name": "pocvm02",
                "custom_data": "00331229853c35f3f3323ecade17981b6ca717e6"
              }
            ],
            "os_profile_linux_config": [
              {
                "disable_password_authentication": false,
                "ssh_keys": []
              }
            ],
            "os_profile_secrets": [],
            "os_profile_windows_config": [],
            "plan": [
              {
                "name": "f5-bigip-virtual-edition-25m-best-hourly",
                "product": "f5-big-ip-best",
                "publisher": "f5-networks"
              }
            ],
            "primary_network_interface_id": "/subscriptions/133b4595-a6bb-4ed1-a855-0732599eec71/resourceGroups/poc_rg/providers/Microsoft.Network/networkInterfaces/poc-vm02-mgmt-nic",
            "proximity_placement_group_id": null,
            "resource_group_name": "poc_rg",
            "storage_data_disk": [],
            "storage_image_reference": [
              {
                "id": "",
                "offer": "f5-big-ip-best",
                "publisher": "f5-networks",
                "sku": "f5-bigip-virtual-edition-25m-best-hourly",
                "version": "latest"
              }
            ],
            "storage_os_disk": [
              {
                "caching": "ReadWrite",
                "create_option": "FromImage",
                "disk_size_gb": 78,
                "image_uri": "",
                "managed_disk_id": "/subscriptions/133b4595-a6bb-4ed1-a855-0732599eec71/resourceGroups/POC_RG/providers/Microsoft.Compute/disks/pocvm02-osdisk",
                "managed_disk_type": "Standard_LRS",
                "name": "pocvm02-osdisk",
                "os_type": "Linux",
                "vhd_uri": "",
                "write_accelerator_enabled": false
              }
            ],
            "tags": {
              "Name": "f5env-f5vm02",
              "application": "f5app",
              "costcenter": "f5costcenter",
              "environment": "f5env",
              "group": "f5group",
              "owner": "f5owner"
            },
            "timeouts": null,
            "vm_size": "Standard_DS4_v2",
            "zones": null
          },
          "private": "eyJlMmJmYjczMC1lY2FhLTExZTYtOGY4OC0zNDM2M2JjN2M0YzAiOnsiY3JlYXRlIjozNjAwMDAwMDAwMDAwLCJkZWxldGUiOjM2MDAwMDAwMDAwMDAsInJlYWQiOjMwMDAwMDAwMDAwMCwidXBkYXRlIjozNjAwMDAwMDAwMDAwfX0=",
          "dependencies": [
            "azurerm_availability_set.avset",
            "azurerm_lb.lb",
            "azurerm_lb_backend_address_pool.backend_pool",
            "azurerm_network_interface.vm02-ext-nic",
            "azurerm_network_interface.vm02-mgmt-nic",
            "azurerm_public_ip.lbpip",
            "azurerm_public_ip.vm02mgmtpip",
            "azurerm_resource_group.main",
            "azurerm_subnet.External",
            "azurerm_subnet.Mgmt",
            "azurerm_virtual_network.main"
          ]
        }
      ]
    },
    {
      "mode": "managed",
      "type": "azurerm_virtual_machine",
      "name": "jumpbox",
      "provider": "provider.azurerm",
      "instances": [
        {
          "schema_version": 0,
          "attributes": {
            "additional_capabilities": [],
            "availability_set_id": null,
            "boot_diagnostics": [],
            "delete_data_disks_on_termination": true,
            "delete_os_disk_on_termination": true,
            "id": "/subscriptions/133b4595-a6bb-4ed1-a855-0732599eec71/resourceGroups/poc_rg/providers/Microsoft.Compute/virtualMachines/poc-jumpbox-43b5",
            "identity": [],
            "license_type": null,
            "location": "centralus",
            "name": "poc-jumpbox-43b5",
            "network_interface_ids": [
              "/subscriptions/133b4595-a6bb-4ed1-a855-0732599eec71/resourceGroups/poc_rg/providers/Microsoft.Network/networkInterfaces/poc-jb-nic-43b5"
            ],
            "os_profile": [
              {
                "admin_password": "",
                "admin_username": "azureuser",
                "computer_name": "poc-jumpbox-43b5",
                "custom_data": ""
              }
            ],
            "os_profile_linux_config": [
              {
                "disable_password_authentication": true,
                "ssh_keys": [
                  {
                    "key_data": "ssh-rsa AAAAB3NzaC1yc2EAAAADAQABAAABgQC82TgSitI4Zn0mDbgKpLNY5667E5DuO3HtZBooBOtLqURw0+BsILyJLBlbZqSa7irES3SywUrDrHHUUl3BpNRZd/K21p4nML9aFx5tfi9z/5E5SmbNzi6nVoC7zwz5POpajU17PBHv16qloum4MKS+vLI/N9mpqhZ/vV9jRYl+7kqv5Wh5UGuZXDFFas/0KMT7a8wapDNLpmsJFQ6MU8U+w7Em+8MYWdEyW9lZL7fF4eCs13dYzWV55YWDCVuNX0LPQ7tRLU50L0JNESpm9jfkK3q896nZV7U+OC58Gc7H6FAQpcQ9/CHpUsvguoJMcAI7vqAHX+rJMdxousZhhVe0KL9HI8rsRxagvxnQWLcSoQkkMkvlYy9IDXlWS6stQRe2JVYOcUzLBD8qPZpra2oRnBvgq66dRcWdQsK+gofjRRq4ub9FWt2knAXMtOdVUSjDJAkubNeMVnByGbGFUAXRZnkASG4VdwWMd5QERWNzTdT/yX36QUD7tfg6FVnvYvU= jomurray@FLD-ML-JOMURRAY\n",
                    "path": "/home/azureuser/.ssh/authorized_keys"
                  }
                ]
              }
            ],
            "os_profile_secrets": [],
            "os_profile_windows_config": [],
            "plan": [],
            "primary_network_interface_id": null,
            "proximity_placement_group_id": null,
            "resource_group_name": "poc_rg",
            "storage_data_disk": [],
            "storage_image_reference": [
              {
                "id": "",
                "offer": "UbuntuServer",
                "publisher": "Canonical",
                "sku": "18.04-LTS",
                "version": "latest"
              }
            ],
            "storage_os_disk": [
              {
                "caching": "ReadWrite",
                "create_option": "FromImage",
                "disk_size_gb": 30,
                "image_uri": "",
                "managed_disk_id": "/subscriptions/133b4595-a6bb-4ed1-a855-0732599eec71/resourceGroups/POC_RG/providers/Microsoft.Compute/disks/poc-jumpbox-43b5",
                "managed_disk_type": "Premium_LRS",
                "name": "poc-jumpbox-43b5",
                "os_type": "Linux",
                "vhd_uri": "",
                "write_accelerator_enabled": false
              }
            ],
            "tags": {
              "environment": "f5env"
            },
            "timeouts": null,
            "vm_size": "Standard_DS1_v2",
            "zones": null
          },
          "private": "eyJlMmJmYjczMC1lY2FhLTExZTYtOGY4OC0zNDM2M2JjN2M0YzAiOnsiY3JlYXRlIjozNjAwMDAwMDAwMDAwLCJkZWxldGUiOjM2MDAwMDAwMDAwMDAsInJlYWQiOjMwMDAwMDAwMDAwMCwidXBkYXRlIjozNjAwMDAwMDAwMDAwfX0=",
          "dependencies": [
            "azurerm_network_interface.jb_nic",
            "azurerm_public_ip.jb_public_ip",
            "azurerm_resource_group.main",
            "azurerm_subnet.Mgmt",
            "azurerm_virtual_network.main",
            "random_id.randomId"
          ]
        }
      ]
    },
    {
      "mode": "managed",
      "type": "azurerm_virtual_machine_extension",
      "name": "f5vm01-run-startup-cmd",
      "provider": "provider.azurerm",
      "instances": [
        {
          "schema_version": 0,
          "attributes": {
            "auto_upgrade_minor_version": false,
            "id": "/subscriptions/133b4595-a6bb-4ed1-a855-0732599eec71/resourceGroups/poc_rg/providers/Microsoft.Compute/virtualMachines/poc-f5vm01/extensions/f5env-f5vm01-run-startup-cmd",
            "name": "f5env-f5vm01-run-startup-cmd",
            "protected_settings": null,
            "publisher": "Microsoft.OSTCExtensions",
            "settings": "{\"commandToExecute\":\"bash /var/lib/waagent/CustomData\"}",
            "tags": {
              "Name": "f5env-f5vm01-startup-cmd",
              "application": "f5app",
              "costcenter": "f5costcenter",
              "environment": "f5env",
              "group": "f5group",
              "owner": "f5owner"
            },
            "timeouts": null,
            "type": "CustomScriptForLinux",
            "type_handler_version": "1.2",
            "virtual_machine_id": "/subscriptions/133b4595-a6bb-4ed1-a855-0732599eec71/resourceGroups/poc_rg/providers/Microsoft.Compute/virtualMachines/poc-f5vm01"
          },
          "private": "eyJlMmJmYjczMC1lY2FhLTExZTYtOGY4OC0zNDM2M2JjN2M0YzAiOnsiY3JlYXRlIjoxODAwMDAwMDAwMDAwLCJkZWxldGUiOjE4MDAwMDAwMDAwMDAsInJlYWQiOjMwMDAwMDAwMDAwMCwidXBkYXRlIjoxODAwMDAwMDAwMDAwfX0=",
          "dependencies": [
            "azurerm_availability_set.avset",
            "azurerm_lb.lb",
            "azurerm_lb_backend_address_pool.backend_pool",
            "azurerm_network_interface.backend01-ext-nic",
            "azurerm_network_interface.vm01-ext-nic",
            "azurerm_network_interface.vm01-mgmt-nic",
            "azurerm_public_ip.lbpip",
            "azurerm_public_ip.vm01mgmtpip",
            "azurerm_resource_group.main",
            "azurerm_subnet.External",
            "azurerm_subnet.Mgmt",
            "azurerm_virtual_machine.backendvm",
            "azurerm_virtual_machine.f5vm01",
            "azurerm_virtual_network.main"
          ]
        }
      ]
    },
    {
      "mode": "managed",
      "type": "azurerm_virtual_machine_extension",
      "name": "f5vm02-run-startup-cmd",
      "provider": "provider.azurerm",
      "instances": [
        {
          "schema_version": 0,
          "attributes": {
            "auto_upgrade_minor_version": false,
            "id": "/subscriptions/133b4595-a6bb-4ed1-a855-0732599eec71/resourceGroups/poc_rg/providers/Microsoft.Compute/virtualMachines/poc-f5vm02/extensions/f5env-f5vm02-run-startup-cmd",
            "name": "f5env-f5vm02-run-startup-cmd",
            "protected_settings": null,
            "publisher": "Microsoft.OSTCExtensions",
            "settings": "{\"commandToExecute\":\"bash /var/lib/waagent/CustomData\"}",
            "tags": {
              "Name": "f5env-f5vm02-startup-cmd",
              "application": "f5app",
              "costcenter": "f5costcenter",
              "environment": "f5env",
              "group": "f5group",
              "owner": "f5owner"
            },
            "timeouts": null,
            "type": "CustomScriptForLinux",
            "type_handler_version": "1.2",
            "virtual_machine_id": "/subscriptions/133b4595-a6bb-4ed1-a855-0732599eec71/resourceGroups/poc_rg/providers/Microsoft.Compute/virtualMachines/poc-f5vm02"
          },
          "private": "eyJlMmJmYjczMC1lY2FhLTExZTYtOGY4OC0zNDM2M2JjN2M0YzAiOnsiY3JlYXRlIjoxODAwMDAwMDAwMDAwLCJkZWxldGUiOjE4MDAwMDAwMDAwMDAsInJlYWQiOjMwMDAwMDAwMDAwMCwidXBkYXRlIjoxODAwMDAwMDAwMDAwfX0=",
          "dependencies": [
            "azurerm_availability_set.avset",
            "azurerm_lb.lb",
            "azurerm_lb_backend_address_pool.backend_pool",
            "azurerm_network_interface.backend01-ext-nic",
            "azurerm_network_interface.vm02-ext-nic",
            "azurerm_network_interface.vm02-mgmt-nic",
            "azurerm_public_ip.lbpip",
            "azurerm_public_ip.vm02mgmtpip",
            "azurerm_resource_group.main",
            "azurerm_subnet.External",
            "azurerm_subnet.Mgmt",
            "azurerm_virtual_machine.backendvm",
            "azurerm_virtual_machine.f5vm02",
            "azurerm_virtual_network.main"
          ]
        }
      ]
    },
    {
      "mode": "managed",
      "type": "azurerm_virtual_network",
      "name": "main",
      "provider": "provider.azurerm",
      "instances": [
        {
          "schema_version": 0,
          "attributes": {
            "address_space": [
              "10.90.0.0/16"
            ],
            "ddos_protection_plan": [],
            "dns_servers": null,
            "id": "/subscriptions/133b4595-a6bb-4ed1-a855-0732599eec71/resourceGroups/poc_rg/providers/Microsoft.Network/virtualNetworks/poc-network",
            "location": "centralus",
            "name": "poc-network",
            "resource_group_name": "poc_rg",
            "subnet": [],
            "tags": null,
            "timeouts": null
          },
          "private": "eyJlMmJmYjczMC1lY2FhLTExZTYtOGY4OC0zNDM2M2JjN2M0YzAiOnsiY3JlYXRlIjoxODAwMDAwMDAwMDAwLCJkZWxldGUiOjE4MDAwMDAwMDAwMDAsInJlYWQiOjMwMDAwMDAwMDAwMCwidXBkYXRlIjoxODAwMDAwMDAwMDAwfX0=",
          "dependencies": [
            "azurerm_resource_group.main"
          ]
        }
      ]
    },
    {
      "mode": "managed",
      "type": "local_file",
      "name": "vm01_do_file",
      "provider": "provider.local",
      "instances": [
        {
          "schema_version": 0,
          "attributes": {
            "content": "{\n    \"schemaVersion\": \"1.0.0\",\n    \"class\": \"Device\",\n    \"label\": \"Basic onboarding\",\n    \"Common\": {\n        \"class\": \"Tenant\",\n        \"hostname\": \"f5vm01.example.com\",\n        \"dbvars\": {\n            \"class\": \"DbVariables\",\n            \"ui.advisory.enabled\": true,\n            \"ui.advisory.color\": \"green\",\n            \"ui.advisory.text\": \"/Common/hostname\"\n        },\n        \"myDns\": {\n            \"class\": \"DNS\",\n            \"nameServers\": [\n                \"8.8.8.8\",\n                \"2001:4860:4860::8844\"\n            ],\n            \"search\": [\n                \"f5.com\"\n            ]\n        },\n        \"myNtp\": {\n            \"class\": \"NTP\",\n            \"servers\": [\n                \"0.us.pool.ntp.org\",\n                \"0.pool.ntp.org\",\n                \"1.pool.ntp.org\"\n            ],\n            \"timezone\": \"UTC\"\n        },\n        \"myProvisioning\": {\n            \"class\": \"Provision\",\n            \"ltm\": \"nominal\"\n        },\n        \"external\": {\n            \"class\": \"VLAN\",\n            \"tag\": 4094,\n            \"mtu\": 1500,\n            \"interfaces\": [\n                {\n                    \"name\": \"1.1\",\n                    \"tagged\": false\n                }\n            ]\n        },\n        \"external-self\": {\n            \"class\": \"SelfIp\",\n            \"address\": \"10.90.2.4/24\",\n            \"vlan\": \"external\",\n            \"allowService\": \"default\",\n            \"trafficGroup\": \"traffic-group-local-only\"\n        },\n        \"default\": {\n            \"class\": \"Route\",\n            \"gw\": \"10.90.2.1\",\n            \"network\": \"default\",\n            \"mtu\": 1500\n        },\n        \"configsync\": {\n\t    \"class\": \"ConfigSync\",\n    \t    \"configsyncIp\": \"/Common/external-self/address\"\n\t},\n\t\"failoverAddress\": {\n    \t    \"class\": \"FailoverUnicast\",\n    \t    \"address\": \"/Common/external-self/address\"\n\t},\n\t\"failoverGroup\": {\n\t    \"class\": \"DeviceGroup\",\n\t    \"type\": \"sync-failover\",\n\t    \"members\": [\"f5vm01.example.com\", \"f5vm02.example.com\"],\n\t    \"owner\": \"/Common/failoverGroup/members/0\",\n\t    \"autoSync\": true,\n\t    \"saveOnAutoSync\": false,\n\t    \"networkFailover\": true,\n\t    \"fullLoadOnSync\": false,\n\t    \"asmSync\": false\n\t},\n\t\"trust\": {\n\t    \"class\": \"DeviceTrust\",\n\t    \"localUsername\": \"azureuser\",\n\t    \"localPassword\": \"superSecret!\",\n\t    \"remoteHost\": \"10.90.2.5\",\n\t    \"remoteUsername\": \"azureuser\",\n\t    \"remotePassword\": \"superSecret!\"\n\t}\n    }\n}\n",
            "content_base64": null,
            "directory_permission": "0777",
            "file_permission": "0777",
            "filename": "./vm01_do_data.json",
            "id": "683a9b4919d24303ebb64d23f7203ef12933659f",
            "sensitive_content": null
          },
          "private": "bnVsbA==",
          "dependencies": [
            "azurerm_resource_group.main",
            "azurerm_subnet.External",
            "azurerm_virtual_network.main"
          ]
        }
      ]
    },
    {
      "mode": "managed",
      "type": "local_file",
      "name": "vm02_do_file",
      "provider": "provider.local",
      "instances": [
        {
          "schema_version": 0,
          "attributes": {
            "content": "{\n    \"schemaVersion\": \"1.0.0\",\n    \"class\": \"Device\",\n    \"label\": \"Basic onboarding\",\n    \"Common\": {\n        \"class\": \"Tenant\",\n        \"hostname\": \"f5vm02.example.com\",\n        \"dbvars\": {\n            \"class\": \"DbVariables\",\n            \"ui.advisory.enabled\": true,\n            \"ui.advisory.color\": \"green\",\n            \"ui.advisory.text\": \"/Common/hostname\"\n        },\n        \"myDns\": {\n            \"class\": \"DNS\",\n            \"nameServers\": [\n                \"8.8.8.8\",\n                \"2001:4860:4860::8844\"\n            ],\n            \"search\": [\n                \"f5.com\"\n            ]\n        },\n        \"myNtp\": {\n            \"class\": \"NTP\",\n            \"servers\": [\n                \"0.us.pool.ntp.org\",\n                \"0.pool.ntp.org\",\n                \"1.pool.ntp.org\"\n            ],\n            \"timezone\": \"UTC\"\n        },\n        \"myProvisioning\": {\n            \"class\": \"Provision\",\n            \"ltm\": \"nominal\"\n        },\n        \"external\": {\n            \"class\": \"VLAN\",\n            \"tag\": 4094,\n            \"mtu\": 1500,\n            \"interfaces\": [\n                {\n                    \"name\": \"1.1\",\n                    \"tagged\": false\n                }\n            ]\n        },\n        \"external-self\": {\n            \"class\": \"SelfIp\",\n            \"address\": \"10.90.2.5/24\",\n            \"vlan\": \"external\",\n            \"allowService\": \"default\",\n            \"trafficGroup\": \"traffic-group-local-only\"\n        },\n        \"default\": {\n            \"class\": \"Route\",\n            \"gw\": \"10.90.2.1\",\n            \"network\": \"default\",\n            \"mtu\": 1500\n        },\n        \"configsync\": {\n\t    \"class\": \"ConfigSync\",\n    \t    \"configsyncIp\": \"/Common/external-self/address\"\n\t},\n\t\"failoverAddress\": {\n    \t    \"class\": \"FailoverUnicast\",\n    \t    \"address\": \"/Common/external-self/address\"\n\t},\n\t\"failoverGroup\": {\n\t    \"class\": \"DeviceGroup\",\n\t    \"type\": \"sync-failover\",\n\t    \"members\": [\"f5vm01.example.com\", \"f5vm02.example.com\"],\n\t    \"owner\": \"/Common/failoverGroup/members/0\",\n\t    \"autoSync\": true,\n\t    \"saveOnAutoSync\": false,\n\t    \"networkFailover\": true,\n\t    \"fullLoadOnSync\": false,\n\t    \"asmSync\": false\n\t},\n\t\"trust\": {\n\t    \"class\": \"DeviceTrust\",\n\t    \"localUsername\": \"azureuser\",\n\t    \"localPassword\": \"superSecret!\",\n\t    \"remoteHost\": \"10.90.2.4\",\n\t    \"remoteUsername\": \"azureuser\",\n\t    \"remotePassword\": \"superSecret!\"\n\t}\n    }\n}\n",
            "content_base64": null,
            "directory_permission": "0777",
            "file_permission": "0777",
            "filename": "./vm02_do_data.json",
            "id": "ede30208e833dc2bfbc8cfac2d5eaca171c1e7b7",
            "sensitive_content": null
          },
          "private": "bnVsbA==",
          "dependencies": [
            "azurerm_resource_group.main",
            "azurerm_subnet.External",
            "azurerm_virtual_network.main"
          ]
        }
      ]
    },
    {
      "mode": "managed",
      "type": "local_file",
      "name": "vm_as3_file",
      "provider": "provider.local",
      "instances": [
        {
          "schema_version": 0,
          "attributes": {
            "content": "{\n  \"class\": \"AS3\",\n  \"action\": \"deploy\",\n  \"persist\": true,\n  \"declaration\": {\n    \"class\": \"ADC\",\n    \"schemaVersion\": \"3.0.0\",\n    \"id\": \"123abc\",\n    \"label\": \"Sample 1\",\n    \"remark\": \"HTTPS with predictive-node pool\",\n    \"Sample_01\": {\n      \"class\": \"Tenant\",\n      \"Shared\": {\n        \"class\":\"Application\",\n        \"template\":\"shared\",\n        \"serviceAddress\": {\n          \"class\":\"Service_Address\",\n          \"virtualAddress\":\"0.0.0.0\"}\n      },\n      \"A1\": {\n        \"class\": \"Application\",\n        \"template\": \"https\",\n        \"serviceMain\": {\n          \"class\": \"Service_HTTPS\",\n          \"virtualPort\": 8443,\n          \"virtualAddresses\": [{\n\t    \"use\":\"/Sample_01/Shared/serviceAddress\"\n\t  }],\n          \"pool\": \"web_pool\",\n          \"serverTLS\": \"webtls\"\n        },\n        \"web_pool\": {\n          \"class\": \"Pool\",\n          \"loadBalancingMode\": \"predictive-node\",\n          \"members\": [{\n              \"servicePort\": 80,\n\t      \"addressDiscovery\": \"azure\",\n\t      \"updateInterval\": 10,\n\t      \"tagKey\": \"application\",\n\t      \"tagValue\": \"app1\",\n\t      \"addressRealm\": \"private\",\n\t      \"resourceGroup\": \"poc_rg\",\n\t      \"subscriptionId\": \"xxxxx\",\n              \"directoryId\": \"xxxxx\",\n              \"applicationId\": \"xxxxx\",\n              \"apiAccessKey\": \"xxxxx\",\n              \"credentialUpdate\": false\n\t  }]\n        },\n        \"webtls\": {\n          \"class\": \"TLS_Server\",\n          \"certificates\": [{\n            \"certificate\": \"webcert\"\n          }]\n        },\n        \"webcert\": {\n          \"class\": \"Certificate\",\n          \"remark\": \"in practice we recommend using a passphrase\",\n          \"certificate\": \"-----BEGIN CERTIFICATE-----\\nMIICnDCCAgWgAwIBAgIJAJ5n2b0OCEjwMA0GCSqGSIb3DQEBCwUAMGcxCzAJBgNVBAYTAlVTMRMwEQYDVQQIDApXYXNoaW5ndG9uMRAwDgYDVQQHDAdTZWF0dGxlMRQwEgYDVQQKDAtmNV9OZXR3b3JrczEbMBkGA1UEAwwSc2FtcGxlLmV4YW1wbGUubmV0MB4XDTE3MTEyNjE5NTAyNFoXDTE4MDIyNTE5NTAyNFowZzELMAkGA1UEBhMCVVMxEzARBgNVBAgMCldhc2hpbmd0b24xEDAOBgNVBAcMB1NlYXR0bGUxFDASBgNVBAoMC2Y1X05ldHdvcmtzMRswGQYDVQQDDBJzYW1wbGUuZXhhbXBsZS5uZXQwgZ8wDQYJKoZIhvcNAQEBBQADgY0AMIGJAoGBALEsuXmSXVQpYjrZPW+WiTBjn491mwZYT7Q92V1HlSBtM6WdWlK1aZN5sovfKtOX7Yrm8xa+e4o/zJ2QYLyyv5O+t2EGN/4qUEjEAPY9mwJdfzRQy6Hyzm84J0QkTuUJ/EjNuPji3D0QJRALUTzu1UqqDCEtiN9OGyXEkh7uvb7BAgMBAAGjUDBOMB0GA1UdDgQWBBSVHPNrGWrjWyZvckQxFYWO59FRFjAfBgNVHSMEGDAWgBSVHPNrGWrjWyZvckQxFYWO59FRFjAMBgNVHRMEBTADAQH/MA0GCSqGSIb3DQEBCwUAA4GBAJeJ9SEckEwPhkXOm+IuqfbUS/RcziifBCTmVyE+Fa/j9pKSYTgiEBNdbJeBEa+gPMlQtbV7Y2dy8TKx/8axVBHiXC5geDML7caxOrAyHYBpnx690xJTh5OIORBBM/a/NvaR+P3CoVebr/NPRh9oRNxnntnqvqD7SW0U3ZPe3tJc\\n-----END CERTIFICATE-----\",\n          \"privateKey\": \"-----BEGIN RSA PRIVATE KEY-----\\nProc-Type: 4,ENCRYPTED\\nDEK-Info: AES-256-CBC,D8FFCE6B255601587CB54EC29B737D31\\n\\nkv4Fc3Jn0Ujkj0yRjt+gQQfBLSNF2aRLUENXnlr7Xpzqu0Ahr3jS1bAAnd8IWnsR\\nyILqVmKsYF2DoHh0tWiEAQ7/y/fe5DTFhK7N4Wml6kp2yVMkP6KC4ssyYPw27kjK\\nDBwBZ5O8Ioej08A5sgsLCmglbmtSPHJUn14pQnMTmLOpEtOsu6S+2ibPgSNpdg0b\\nCAJNG/KHe+Vkx59qNDyDeKb7FZOlsX30+y67zUq9GQqJEDuysPJ2BUNP0IJXAjst\\nFIt1qNoZew+5KDYs7u/lPxcMGTirUhgI84Jy4WcDvSOsP/tKlxj04TbIE3epmSKy\\n+TihHkwY7ngIGtcm3Sfqk5jz2RXoj1/Ac3SW8kVTYaOUogBhn7zAq4Wju6Et4hQG\\nRGapsJp1aCeZ/a4RCDTxspcKoMaRa97/URQb0hBRGx3DGUhzpmX9zl7JI2Xa5D3R\\nmdBXtjLKYJTdIMdd27prBEKhMUpae2rz5Mw4J907wZeBq/wu+zp8LAnecfTe2nGY\\nE32x1U7gSEdYOGqnwxsOexb1jKgCa67Nw9TmcMPV8zmH7R9qdvgxAbAtwBl1F9OS\\nfcGaC7epf1AjJLtaX7krWmzgASHl28Ynh9lmGMdv+5QYMZvKG0LOg/n3m8uJ6sKy\\nIzzvaJswwn0j5P5+czyoV5CvvdCfKnNb+3jUEN8I0PPwjBGKr4B1ojwhogTM248V\\nHR69D6TxFVMfGpyJhCPkbGEGbpEpcffpgKuC/mEtMqyDQXJNaV5HO6HgAJ9F1P6v\\n5ehHHTMRvzCCFiwndHdlMXUjqSNjww6me6dr6LiAPbejdzhL2vWx1YqebOcwQx3G\\n-----END RSA PRIVATE KEY-----\",\n          \"passphrase\": {\n            \"ciphertext\": \"ZjVmNQ==\",\n            \"protected\": \"eyJhbGciOiJkaXIiLCJlbmMiOiJub25lIn0\"\n          }\n        }\n      }\n    }\n  }\n}\n\n",
            "content_base64": null,
            "directory_permission": "0777",
            "file_permission": "0777",
            "filename": "./vm_as3_data.json",
            "id": "c28b1a4e8ebd55299b84280fe3a89592b683e387",
            "sensitive_content": null
          },
          "private": "bnVsbA==",
          "dependencies": [
            "azurerm_resource_group.main"
          ]
        }
      ]
    },
    {
      "mode": "managed",
      "type": "null_resource",
      "name": "f5vm01-run-REST",
      "provider": "provider.null",
      "instances": [
        {
          "schema_version": 0,
          "attributes": {
            "id": "8199467317132273527",
            "triggers": null
          },
          "private": "bnVsbA==",
          "dependencies": [
            "azurerm_availability_set.avset",
            "azurerm_lb.lb",
            "azurerm_lb_backend_address_pool.backend_pool",
            "azurerm_network_interface.backend01-ext-nic",
            "azurerm_network_interface.vm01-ext-nic",
            "azurerm_network_interface.vm01-mgmt-nic",
            "azurerm_public_ip.lbpip",
            "azurerm_public_ip.vm01mgmtpip",
            "azurerm_resource_group.main",
            "azurerm_subnet.External",
            "azurerm_subnet.Mgmt",
            "azurerm_virtual_machine.backendvm",
            "azurerm_virtual_machine.f5vm01",
            "azurerm_virtual_machine_extension.f5vm01-run-startup-cmd",
            "azurerm_virtual_network.main"
          ]
        }
      ]
    },
    {
      "mode": "managed",
      "type": "null_resource",
      "name": "f5vm02-run-REST",
      "provider": "provider.null",
      "instances": [
        {
          "schema_version": 0,
          "attributes": {
            "id": "2427963134218878807",
            "triggers": null
          },
          "private": "bnVsbA==",
          "dependencies": [
            "azurerm_availability_set.avset",
            "azurerm_lb.lb",
            "azurerm_lb_backend_address_pool.backend_pool",
            "azurerm_network_interface.backend01-ext-nic",
            "azurerm_network_interface.vm02-ext-nic",
            "azurerm_network_interface.vm02-mgmt-nic",
            "azurerm_public_ip.lbpip",
            "azurerm_public_ip.vm02mgmtpip",
            "azurerm_resource_group.main",
            "azurerm_subnet.External",
            "azurerm_subnet.Mgmt",
            "azurerm_virtual_machine.backendvm",
            "azurerm_virtual_machine.f5vm02",
            "azurerm_virtual_machine_extension.f5vm02-run-startup-cmd",
            "azurerm_virtual_network.main"
          ]
        }
      ]
    },
    {
      "mode": "managed",
      "type": "random_id",
      "name": "randomId",
      "provider": "provider.random",
      "instances": [
        {
          "schema_version": 0,
          "attributes": {
            "b64": "Q7U",
            "b64_std": "Q7U=",
            "b64_url": "Q7U",
            "byte_length": 2,
            "dec": "17333",
            "hex": "43b5",
            "id": "Q7U",
            "keepers": null,
            "prefix": null
          },
          "private": "bnVsbA=="
        }
      ]
    },
    {
      "mode": "managed",
      "type": "random_id",
      "name": "server",
      "provider": "provider.random",
      "instances": [
        {
          "schema_version": 0,
          "attributes": {
            "b64": "pPPEdU1C6lY",
            "b64_std": "pPPEdU1C6lY=",
            "b64_url": "pPPEdU1C6lY",
            "byte_length": 8,
            "dec": "11886059849647319638",
            "hex": "a4f3c4754d42ea56",
            "id": "pPPEdU1C6lY",
            "keepers": {
              "ami_id": "1"
            },
            "prefix": null
          },
          "private": "bnVsbA=="
        }
      ]
    }
  ]
}
